// !$*UTF8*$!
{
	archiveVersion = 1;
	classes = {
	};
	objectVersion = 46;
	objects = {

/* Begin PBXBuildFile section */
		BBC1CD7B1C0BEBEE00CA55F9 /* AppDelegate.swift in Sources */ = {isa = PBXBuildFile; fileRef = BBC1CD7A1C0BEBEE00CA55F9 /* AppDelegate.swift */; };
		BBC1CD7D1C0BEBEE00CA55F9 /* ViewController.swift in Sources */ = {isa = PBXBuildFile; fileRef = BBC1CD7C1C0BEBEE00CA55F9 /* ViewController.swift */; };
		BBC1CD801C0BEBEE00CA55F9 /* Main.storyboard in Resources */ = {isa = PBXBuildFile; fileRef = BBC1CD7E1C0BEBEE00CA55F9 /* Main.storyboard */; };
		BBC1CD821C0BEBEE00CA55F9 /* Assets.xcassets in Resources */ = {isa = PBXBuildFile; fileRef = BBC1CD811C0BEBEE00CA55F9 /* Assets.xcassets */; };
		BBC1CD851C0BEBEE00CA55F9 /* LaunchScreen.storyboard in Resources */ = {isa = PBXBuildFile; fileRef = BBC1CD831C0BEBEE00CA55F9 /* LaunchScreen.storyboard */; };
/* End PBXBuildFile section */

/* Begin PBXFileReference section */
		BBC1CD771C0BEBEE00CA55F9 /* Homework 3.app */ = {isa = PBXFileReference; explicitFileType = wrapper.application; includeInIndex = 0; path = "Homework 3.app"; sourceTree = BUILT_PRODUCTS_DIR; };
		BBC1CD7A1C0BEBEE00CA55F9 /* AppDelegate.swift */ = {isa = PBXFileReference; lastKnownFileType = sourcecode.swift; path = AppDelegate.swift; sourceTree = "<group>"; };
		BBC1CD7C1C0BEBEE00CA55F9 /* ViewController.swift */ = {isa = PBXFileReference; lastKnownFileType = sourcecode.swift; path = ViewController.swift; sourceTree = "<group>"; };
		BBC1CD7F1C0BEBEE00CA55F9 /* Base */ = {isa = PBXFileReference; lastKnownFileType = file.storyboard; name = Base; path = Base.lproj/Main.storyboard; sourceTree = "<group>"; };
		BBC1CD811C0BEBEE00CA55F9 /* Assets.xcassets */ = {isa = PBXFileReference; lastKnownFileType = folder.assetcatalog; path = Assets.xcassets; sourceTree = "<group>"; };
		BBC1CD841C0BEBEE00CA55F9 /* Base */ = {isa = PBXFileReference; lastKnownFileType = file.storyboard; name = Base; path = Base.lproj/LaunchScreen.storyboard; sourceTree = "<group>"; };
		BBC1CD861C0BEBEE00CA55F9 /* Info.plist */ = {isa = PBXFileReference; lastKnownFileType = text.plist.xml; path = Info.plist; sourceTree = "<group>"; };
/* End PBXFileReference section */

/* Begin PBXFrameworksBuildPhase section */
		BBC1CD741C0BEBEE00CA55F9 /* Frameworks */ = {
			isa = PBXFrameworksBuildPhase;
			buildActionMask = 2147483647;
			files = (
			);
			runOnlyForDeploymentPostprocessing = 0;
		};
/* End PBXFrameworksBuildPhase section */

/* Begin PBXGroup section */
		BBC1CD6E1C0BEBEE00CA55F9 = {
			isa = PBXGroup;
			children = (
				BBC1CD791C0BEBEE00CA55F9 /* Homework 3 */,
				BBC1CD781C0BEBEE00CA55F9 /* Products */,
			);
			sourceTree = "<group>";
		};
		BBC1CD781C0BEBEE00CA55F9 /* Products */ = {
			isa = PBXGroup;
			children = (
				BBC1CD771C0BEBEE00CA55F9 /* Homework 3.app */,
			);
			name = Products;
			sourceTree = "<group>";
		};
		BBC1CD791C0BEBEE00CA55F9 /* Homework 3 */ = {
			isa = PBXGroup;
			children = (
				BBC1CD7A1C0BEBEE00CA55F9 /* AppDelegate.swift */,
				BBC1CD7C1C0BEBEE00CA55F9 /* ViewController.swift */,
				BBC1CD7E1C0BEBEE00CA55F9 /* Main.storyboard */,
				BBC1CD811C0BEBEE00CA55F9 /* Assets.xcassets */,
				BBC1CD831C0BEBEE00CA55F9 /* LaunchScreen.storyboard */,
				BBC1CD861C0BEBEE00CA55F9 /* Info.plist */,
			);
			path = "Homework 3";
			sourceTree = "<group>";
		};
/* End PBXGroup section */

/* Begin PBXNativeTarget section */
		BBC1CD761C0BEBEE00CA55F9 /* Homework 3 */ = {
			isa = PBXNativeTarget;
			buildConfigurationList = BBC1CD891C0BEBEE00CA55F9 /* Build configuration list for PBXNativeTarget "Homework 3" */;
			buildPhases = (
				BBC1CD731C0BEBEE00CA55F9 /* Sources */,
				BBC1CD741C0BEBEE00CA55F9 /* Frameworks */,
				BBC1CD751C0BEBEE00CA55F9 /* Resources */,
			);
			buildRules = (
			);
			dependencies = (
			);
			name = "Homework 3";
			productName = "Homework 3";
			productReference = BBC1CD771C0BEBEE00CA55F9 /* Homework 3.app */;
			productType = "com.apple.product-type.application";
		};
/* End PBXNativeTarget section */

/* Begin PBXProject section */
		BBC1CD6F1C0BEBEE00CA55F9 /* Project object */ = {
			isa = PBXProject;
			attributes = {
				LastSwiftUpdateCheck = 0710;
				LastUpgradeCheck = 0710;
				ORGANIZATIONNAME = SamWij;
				TargetAttributes = {
					BBC1CD761C0BEBEE00CA55F9 = {
						CreatedOnToolsVersion = 7.1.1;
						DevelopmentTeam = Y62J5W2Y5D;
					};
				};
			};
			buildConfigurationList = BBC1CD721C0BEBEE00CA55F9 /* Build configuration list for PBXProject "Homework 3" */;
			compatibilityVersion = "Xcode 3.2";
			developmentRegion = English;
			hasScannedForEncodings = 0;
			knownRegions = (
				en,
				Base,
			);
			mainGroup = BBC1CD6E1C0BEBEE00CA55F9;
			productRefGroup = BBC1CD781C0BEBEE00CA55F9 /* Products */;
			projectDirPath = "";
			projectRoot = "";
			targets = (
				BBC1CD761C0BEBEE00CA55F9 /* Homework 3 */,
			);
		};
/* End PBXProject section */

/* Begin PBXResourcesBuildPhase section */
		BBC1CD751C0BEBEE00CA55F9 /* Resources */ = {
			isa = PBXResourcesBuildPhase;
			buildActionMask = 2147483647;
			files = (
				BBC1CD851C0BEBEE00CA55F9 /* LaunchScreen.storyboard in Resources */,
				BBC1CD821C0BEBEE00CA55F9 /* Assets.xcassets in Resources */,
				BBC1CD801C0BEBEE00CA55F9 /* Main.storyboard in Resources */,
			);
			runOnlyForDeploymentPostprocessing = 0;
		};
/* End PBXResourcesBuildPhase section */

/* Begin PBXSourcesBuildPhase section */
		BBC1CD731C0BEBEE00CA55F9 /* Sources */ = {
			isa = PBXSourcesBuildPhase;
			buildActionMask = 2147483647;
			files = (
				BBC1CD7D1C0BEBEE00CA55F9 /* ViewController.swift in Sources */,
				BBC1CD7B1C0BEBEE00CA55F9 /* AppDelegate.swift in Sources */,
			);
			runOnlyForDeploymentPostprocessing = 0;
		};
/* End PBXSourcesBuildPhase section */

/* Begin PBXVariantGroup section */
		BBC1CD7E1C0BEBEE00CA55F9 /* Main.storyboard */ = {
			isa = PBXVariantGroup;
			children = (
				BBC1CD7F1C0BEBEE00CA55F9 /* Base */,
			);
			name = Main.storyboard;
			sourceTree = "<group>";
		};
		BBC1CD831C0BEBEE00CA55F9 /* LaunchScreen.storyboard */ = {
			isa = PBXVariantGroup;
			children = (
				BBC1CD841C0BEBEE00CA55F9 /* Base */,
			);
			name = LaunchScreen.storyboard;
			sourceTree = "<group>";
		};
/* End PBXVariantGroup section */

/* Begin XCBuildConfiguration section */
		BBC1CD871C0BEBEE00CA55F9 /* Debug */ = {
			isa = XCBuildConfiguration;
			buildSettings = {
				ALWAYS_SEARCH_USER_PATHS = NO;
				CLANG_CXX_LANGUAGE_STANDARD = "gnu++0x";
				CLANG_CXX_LIBRARY = "libc++";
				CLANG_ENABLE_MODULES = YES;
				CLANG_ENABLE_OBJC_ARC = YES;
				CLANG_WARN_BOOL_CONVERSION = YES;
				CLANG_WARN_CONSTANT_CONVERSION = YES;
				CLANG_WARN_DIRECT_OBJC_ISA_USAGE = YES_ERROR;
				CLANG_WARN_EMPTY_BODY = YES;
				CLANG_WARN_ENUM_CONVERSION = YES;
				CLANG_WARN_INT_CONVERSION = YES;
				CLANG_WARN_OBJC_ROOT_CLASS = YES_ERROR;
				CLANG_WARN_UNREACHABLE_CODE = YES;
				CLANG_WARN__DUPLICATE_METHOD_MATCH = YES;
				"CODE_SIGN_IDENTITY[sdk=iphoneos*]" = "iPhone Developer";
				COPY_PHASE_STRIP = NO;
				DEBUG_INFORMATION_FORMAT = dwarf;
				ENABLE_STRICT_OBJC_MSGSEND = YES;
				ENABLE_TESTABILITY = YES;
				GCC_C_LANGUAGE_STANDARD = gnu99;
				GCC_DYNAMIC_NO_PIC = NO;
				GCC_NO_COMMON_BLOCKS = YES;
				GCC_OPTIMIZATION_LEVEL = 0;
				GCC_PREPROCESSOR_DEFINITIONS = (
					"DEBUG=1",
					"$(inherited)",
				);
				GCC_WARN_64_TO_32_BIT_CONVERSION = YES;
				GCC_WARN_ABOUT_RETURN_TYPE = YES_ERROR;
				GCC_WARN_UNDECLARED_SELECTOR = YES;
				GCC_WARN_UNINITIALIZED_AUTOS = YES_AGGRESSIVE;
				GCC_WARN_UNUSED_FUNCTION = YES;
				GCC_WARN_UNUSED_VARIABLE = YES;
				IPHONEOS_DEPLOYMENT_TARGET = 9.1;
				MTL_ENABLE_DEBUG_INFO = YES;
				ONLY_ACTIVE_ARCH = YES;
				SDKROOT = iphoneos;
				SWIFT_OPTIMIZATION_LEVEL = "-Onone";
			};
			name = Debug;
		};
		BBC1CD881C0BEBEE00CA55F9 /* Release */ = {
			isa = XCBuildConfiguration;
			buildSettings = {
				ALWAYS_SEARCH_USER_PATHS = NO;
				CLANG_CXX_LANGUAGE_STANDARD = "gnu++0x";
				CLANG_CXX_LIBRARY = "libc++";
				CLANG_ENABLE_MODULES = YES;
				CLANG_ENABLE_OBJC_ARC = YES;
				CLANG_WARN_BOOL_CONVERSION = YES;
				CLANG_WARN_CONSTANT_CONVERSION = YES;
				CLANG_WARN_DIRECT_OBJC_ISA_USAGE = YES_ERROR;
				CLANG_WARN_EMPTY_BODY = YES;
				CLANG_WARN_ENUM_CONVERSION = YES;
				CLANG_WARN_INT_CONVERSION = YES;
				CLANG_WARN_OBJC_ROOT_CLASS = YES_ERROR;
				CLANG_WARN_UNREACHABLE_CODE = YES;
				CLANG_WARN__DUPLICATE_METHOD_MATCH = YES;
				"CODE_SIGN_IDENTITY[sdk=iphoneos*]" = "iPhone Developer";
				COPY_PHASE_STRIP = NO;
				DEBUG_INFORMATION_FORMAT = "dwarf-with-dsym";
				ENABLE_NS_ASSERTIONS = NO;
				ENABLE_STRICT_OBJC_MSGSEND = YES;
				GCC_C_LANGUAGE_STANDARD = gnu99;
				GCC_NO_COMMON_BLOCKS = YES;
				GCC_WARN_64_TO_32_BIT_CONVERSION = YES;
				GCC_WARN_ABOUT_RETURN_TYPE = YES_ERROR;
				GCC_WARN_UNDECLARED_SELECTOR = YES;
				GCC_WARN_UNINITIALIZED_AUTOS = YES_AGGRESSIVE;
				GCC_WARN_UNUSED_FUNCTION = YES;
				GCC_WARN_UNUSED_VARIABLE = YES;
				IPHONEOS_DEPLOYMENT_TARGET = 9.1;
				MTL_ENABLE_DEBUG_INFO = NO;
				SDKROOT = iphoneos;
				VALIDATE_PRODUCT = YES;
			};
			name = Release;
		};
		BBC1CD8A1C0BEBEE00CA55F9 /* Debug */ = {
			isa = XCBuildConfiguration;
			buildSettings = {
				ASSETCATALOG_COMPILER_APPICON_NAME = AppIcon;
				INFOPLIST_FILE = "Homework 3/Info.plist";
				LD_RUNPATH_SEARCH_PATHS = "$(inherited) @executable_path/Frameworks";
				PRODUCT_BUNDLE_IDENTIFIER = "com.yourcompany.Homework-3";
				PRODUCT_NAME = "$(TARGET_NAME)";
			};
			name = Debug;
		};
		BBC1CD8B1C0BEBEE00CA55F9 /* Release */ = {
			isa = XCBuildConfiguration;
			buildSettings = {
				ASSETCATALOG_COMPILER_APPICON_NAME = AppIcon;
				INFOPLIST_FILE = "Homework 3/Info.plist";
				LD_RUNPATH_SEARCH_PATHS = "$(inherited) @executable_path/Frameworks";
				PRODUCT_BUNDLE_IDENTIFIER = "com.yourcompany.Homework-3";
				PRODUCT_NAME = "$(TARGET_NAME)";
			};
			name = Release;
		};
/* End XCBuildConfiguration section */

/* Begin XCConfigurationList section */
		BBC1CD721C0BEBEE00CA55F9 /* Build configuration list for PBXProject "Homework 3" */ = {
			isa = XCConfigurationList;
			buildConfigurations = (
				BBC1CD871C0BEBEE00CA55F9 /* Debug */,
				BBC1CD881C0BEBEE00CA55F9 /* Release */,
			);
			defaultConfigurationIsVisible = 0;
			defaultConfigurationName = Release;
		};
		BBC1CD891C0BEBEE00CA55F9 /* Build configuration list for PBXNativeTarget "Homework 3" */ = {
			isa = XCConfigurationList;
			buildConfigurations = (
				BBC1CD8A1C0BEBEE00CA55F9 /* Debug */,
				BBC1CD8B1C0BEBEE00CA55F9 /* Release */,
			);
			defaultConfigurationIsVisible = 0;
		};
/* End XCConfigurationList section */
	};
	rootObject = BBC1CD6F1C0BEBEE00CA55F9 /* Project object */;
}
