// !$*UTF8*$!
{
	archiveVersion = 1;
	classes = {
	};
	objectVersion = 46;
	objects = {

/* Begin PBXBuildFile section */
		BB970E571C50C313004731A7 /* weatherappViewController.swift in Sources */ = {isa = PBXBuildFile; fileRef = BB970E561C50C313004731A7 /* weatherappViewController.swift */; };
		BB970E591C50CE15004731A7 /* TemperatureModel.swift in Sources */ = {isa = PBXBuildFile; fileRef = BB970E581C50CE15004731A7 /* TemperatureModel.swift */; };
		BB970E5B1C50D1D3004731A7 /* weatherAPI.swift in Sources */ = {isa = PBXBuildFile; fileRef = BB970E5A1C50D1D3004731A7 /* weatherAPI.swift */; };
		D38004971C4E21BA00656168 /* AppDelegate.swift in Sources */ = {isa = PBXBuildFile; fileRef = D38004961C4E21BA00656168 /* AppDelegate.swift */; };
		D38004991C4E21BA00656168 /* ViewController.swift in Sources */ = {isa = PBXBuildFile; fileRef = D38004981C4E21BA00656168 /* ViewController.swift */; };
		D380049C1C4E21BA00656168 /* Main.storyboard in Resources */ = {isa = PBXBuildFile; fileRef = D380049A1C4E21BA00656168 /* Main.storyboard */; };
		D380049E1C4E21BA00656168 /* Assets.xcassets in Resources */ = {isa = PBXBuildFile; fileRef = D380049D1C4E21BA00656168 /* Assets.xcassets */; };
		D38004A11C4E21BA00656168 /* LaunchScreen.storyboard in Resources */ = {isa = PBXBuildFile; fileRef = D380049F1C4E21BA00656168 /* LaunchScreen.storyboard */; };
/* End PBXBuildFile section */

/* Begin PBXFileReference section */
		BB970E561C50C313004731A7 /* weatherappViewController.swift */ = {isa = PBXFileReference; fileEncoding = 4; lastKnownFileType = sourcecode.swift; path = weatherappViewController.swift; sourceTree = "<group>"; };
		BB970E581C50CE15004731A7 /* TemperatureModel.swift */ = {isa = PBXFileReference; fileEncoding = 4; lastKnownFileType = sourcecode.swift; path = TemperatureModel.swift; sourceTree = "<group>"; };
		BB970E5A1C50D1D3004731A7 /* weatherAPI.swift */ = {isa = PBXFileReference; fileEncoding = 4; lastKnownFileType = sourcecode.swift; path = weatherAPI.swift; sourceTree = "<group>"; };
		D38004931C4E21BA00656168 /* http@request.app */ = {isa = PBXFileReference; explicitFileType = wrapper.application; includeInIndex = 0; path = "http@request.app"; sourceTree = BUILT_PRODUCTS_DIR; };
		D38004961C4E21BA00656168 /* AppDelegate.swift */ = {isa = PBXFileReference; lastKnownFileType = sourcecode.swift; path = AppDelegate.swift; sourceTree = "<group>"; };
		D38004981C4E21BA00656168 /* ViewController.swift */ = {isa = PBXFileReference; lastKnownFileType = sourcecode.swift; path = ViewController.swift; sourceTree = "<group>"; };
		D380049B1C4E21BA00656168 /* Base */ = {isa = PBXFileReference; lastKnownFileType = file.storyboard; name = Base; path = Base.lproj/Main.storyboard; sourceTree = "<group>"; };
		D380049D1C4E21BA00656168 /* Assets.xcassets */ = {isa = PBXFileReference; lastKnownFileType = folder.assetcatalog; path = Assets.xcassets; sourceTree = "<group>"; };
		D38004A01C4E21BA00656168 /* Base */ = {isa = PBXFileReference; lastKnownFileType = file.storyboard; name = Base; path = Base.lproj/LaunchScreen.storyboard; sourceTree = "<group>"; };
		D38004A21C4E21BA00656168 /* Info.plist */ = {isa = PBXFileReference; lastKnownFileType = text.plist.xml; path = Info.plist; sourceTree = "<group>"; };
/* End PBXFileReference section */

/* Begin PBXFrameworksBuildPhase section */
		D38004901C4E21BA00656168 /* Frameworks */ = {
			isa = PBXFrameworksBuildPhase;
			buildActionMask = 2147483647;
			files = (
			);
			runOnlyForDeploymentPostprocessing = 0;
		};
/* End PBXFrameworksBuildPhase section */

/* Begin PBXGroup section */
		BB970E5C1C50D94C004731A7 /* Model */ = {
			isa = PBXGroup;
			children = (
				BB970E581C50CE15004731A7 /* TemperatureModel.swift */,
			);
			name = Model;
			sourceTree = "<group>";
		};
		BB970E5E1C50D971004731A7 /* Controllers */ = {
			isa = PBXGroup;
			children = (
				BB970E561C50C313004731A7 /* weatherappViewController.swift */,
			);
			name = Controllers;
			sourceTree = "<group>";
		};
		D380048A1C4E21BA00656168 = {
			isa = PBXGroup;
			children = (
				D38004951C4E21BA00656168 /* http@request */,
				D38004941C4E21BA00656168 /* Products */,
			);
			sourceTree = "<group>";
		};
		D38004941C4E21BA00656168 /* Products */ = {
			isa = PBXGroup;
			children = (
				D38004931C4E21BA00656168 /* http@request.app */,
			);
			name = Products;
			sourceTree = "<group>";
		};
		D38004951C4E21BA00656168 /* http@request */ = {
			isa = PBXGroup;
			children = (
				BB970E5E1C50D971004731A7 /* Controllers */,
				BB970E5C1C50D94C004731A7 /* Model */,
				D38004961C4E21BA00656168 /* AppDelegate.swift */,
				D38004981C4E21BA00656168 /* ViewController.swift */,
				D380049A1C4E21BA00656168 /* Main.storyboard */,
				D380049D1C4E21BA00656168 /* Assets.xcassets */,
				D380049F1C4E21BA00656168 /* LaunchScreen.storyboard */,
				D38004A21C4E21BA00656168 /* Info.plist */,
				BB970E5A1C50D1D3004731A7 /* weatherAPI.swift */,
			);
			path = "http@request";
			sourceTree = "<group>";
		};
/* End PBXGroup section */

/* Begin PBXNativeTarget section */
		D38004921C4E21BA00656168 /* http@request */ = {
			isa = PBXNativeTarget;
			buildConfigurationList = D38004A51C4E21BA00656168 /* Build configuration list for PBXNativeTarget "http@request" */;
			buildPhases = (
				D380048F1C4E21BA00656168 /* Sources */,
				D38004901C4E21BA00656168 /* Frameworks */,
				D38004911C4E21BA00656168 /* Resources */,
			);
			buildRules = (
			);
			dependencies = (
			);
			name = "http@request";
			productName = "http@request";
			productReference = D38004931C4E21BA00656168 /* http@request.app */;
			productType = "com.apple.product-type.application";
		};
/* End PBXNativeTarget section */

/* Begin PBXProject section */
		D380048B1C4E21BA00656168 /* Project object */ = {
			isa = PBXProject;
			attributes = {
				LastSwiftUpdateCheck = 0710;
				LastUpgradeCheck = 0710;
				ORGANIZATIONNAME = "Roy Ho";
				TargetAttributes = {
					D38004921C4E21BA00656168 = {
						CreatedOnToolsVersion = 7.1;
						DevelopmentTeam = V4QU62B9E7;
					};
				};
			};
			buildConfigurationList = D380048E1C4E21BA00656168 /* Build configuration list for PBXProject "http@request" */;
			compatibilityVersion = "Xcode 3.2";
			developmentRegion = English;
			hasScannedForEncodings = 0;
			knownRegions = (
				en,
				Base,
			);
			mainGroup = D380048A1C4E21BA00656168;
			productRefGroup = D38004941C4E21BA00656168 /* Products */;
			projectDirPath = "";
			projectRoot = "";
			targets = (
				D38004921C4E21BA00656168 /* http@request */,
			);
		};
/* End PBXProject section */

/* Begin PBXResourcesBuildPhase section */
		D38004911C4E21BA00656168 /* Resources */ = {
			isa = PBXResourcesBuildPhase;
			buildActionMask = 2147483647;
			files = (
				D38004A11C4E21BA00656168 /* LaunchScreen.storyboard in Resources */,
				D380049E1C4E21BA00656168 /* Assets.xcassets in Resources */,
				D380049C1C4E21BA00656168 /* Main.storyboard in Resources */,
			);
			runOnlyForDeploymentPostprocessing = 0;
		};
/* End PBXResourcesBuildPhase section */

/* Begin PBXSourcesBuildPhase section */
		D380048F1C4E21BA00656168 /* Sources */ = {
			isa = PBXSourcesBuildPhase;
			buildActionMask = 2147483647;
			files = (
				BB970E591C50CE15004731A7 /* TemperatureModel.swift in Sources */,
				D38004991C4E21BA00656168 /* ViewController.swift in Sources */,
				BB970E571C50C313004731A7 /* weatherappViewController.swift in Sources */,
				BB970E5B1C50D1D3004731A7 /* weatherAPI.swift in Sources */,
				D38004971C4E21BA00656168 /* AppDelegate.swift in Sources */,
			);
			runOnlyForDeploymentPostprocessing = 0;
		};
/* End PBXSourcesBuildPhase section */

/* Begin PBXVariantGroup section */
		D380049A1C4E21BA00656168 /* Main.storyboard */ = {
			isa = PBXVariantGroup;
			children = (
				D380049B1C4E21BA00656168 /* Base */,
			);
			name = Main.storyboard;
			sourceTree = "<group>";
		};
		D380049F1C4E21BA00656168 /* LaunchScreen.storyboard */ = {
			isa = PBXVariantGroup;
			children = (
				D38004A01C4E21BA00656168 /* Base */,
			);
			name = LaunchScreen.storyboard;
			sourceTree = "<group>";
		};
/* End PBXVariantGroup section */

/* Begin XCBuildConfiguration section */
		D38004A31C4E21BA00656168 /* Debug */ = {
			isa = XCBuildConfiguration;
			buildSettings = {
				ALWAYS_SEARCH_USER_PATHS = NO;
				CLANG_CXX_LANGUAGE_STANDARD = "gnu++0x";
				CLANG_CXX_LIBRARY = "libc++";
				CLANG_ENABLE_MODULES = YES;
				CLANG_ENABLE_OBJC_ARC = YES;
				CLANG_WARN_BOOL_CONVERSION = YES;
				CLANG_WARN_CONSTANT_CONVERSION = YES;
				CLANG_WARN_DIRECT_OBJC_ISA_USAGE = YES_ERROR;
				CLANG_WARN_EMPTY_BODY = YES;
				CLANG_WARN_ENUM_CONVERSION = YES;
				CLANG_WARN_INT_CONVERSION = YES;
				CLANG_WARN_OBJC_ROOT_CLASS = YES_ERROR;
				CLANG_WARN_UNREACHABLE_CODE = YES;
				CLANG_WARN__DUPLICATE_METHOD_MATCH = YES;
				"CODE_SIGN_IDENTITY[sdk=iphoneos*]" = "iPhone Developer";
				COPY_PHASE_STRIP = NO;
				DEBUG_INFORMATION_FORMAT = dwarf;
				ENABLE_STRICT_OBJC_MSGSEND = YES;
				ENABLE_TESTABILITY = YES;
				GCC_C_LANGUAGE_STANDARD = gnu99;
				GCC_DYNAMIC_NO_PIC = NO;
				GCC_NO_COMMON_BLOCKS = YES;
				GCC_OPTIMIZATION_LEVEL = 0;
				GCC_PREPROCESSOR_DEFINITIONS = (
					"DEBUG=1",
					"$(inherited)",
				);
				GCC_WARN_64_TO_32_BIT_CONVERSION = YES;
				GCC_WARN_ABOUT_RETURN_TYPE = YES_ERROR;
				GCC_WARN_UNDECLARED_SELECTOR = YES;
				GCC_WARN_UNINITIALIZED_AUTOS = YES_AGGRESSIVE;
				GCC_WARN_UNUSED_FUNCTION = YES;
				GCC_WARN_UNUSED_VARIABLE = YES;
				IPHONEOS_DEPLOYMENT_TARGET = 9.1;
				MTL_ENABLE_DEBUG_INFO = YES;
				ONLY_ACTIVE_ARCH = YES;
				SDKROOT = iphoneos;
				SWIFT_OPTIMIZATION_LEVEL = "-Onone";
			};
			name = Debug;
		};
		D38004A41C4E21BA00656168 /* Release */ = {
			isa = XCBuildConfiguration;
			buildSettings = {
				ALWAYS_SEARCH_USER_PATHS = NO;
				CLANG_CXX_LANGUAGE_STANDARD = "gnu++0x";
				CLANG_CXX_LIBRARY = "libc++";
				CLANG_ENABLE_MODULES = YES;
				CLANG_ENABLE_OBJC_ARC = YES;
				CLANG_WARN_BOOL_CONVERSION = YES;
				CLANG_WARN_CONSTANT_CONVERSION = YES;
				CLANG_WARN_DIRECT_OBJC_ISA_USAGE = YES_ERROR;
				CLANG_WARN_EMPTY_BODY = YES;
				CLANG_WARN_ENUM_CONVERSION = YES;
				CLANG_WARN_INT_CONVERSION = YES;
				CLANG_WARN_OBJC_ROOT_CLASS = YES_ERROR;
				CLANG_WARN_UNREACHABLE_CODE = YES;
				CLANG_WARN__DUPLICATE_METHOD_MATCH = YES;
				"CODE_SIGN_IDENTITY[sdk=iphoneos*]" = "iPhone Developer";
				COPY_PHASE_STRIP = NO;
				DEBUG_INFORMATION_FORMAT = "dwarf-with-dsym";
				ENABLE_NS_ASSERTIONS = NO;
				ENABLE_STRICT_OBJC_MSGSEND = YES;
				GCC_C_LANGUAGE_STANDARD = gnu99;
				GCC_NO_COMMON_BLOCKS = YES;
				GCC_WARN_64_TO_32_BIT_CONVERSION = YES;
				GCC_WARN_ABOUT_RETURN_TYPE = YES_ERROR;
				GCC_WARN_UNDECLARED_SELECTOR = YES;
				GCC_WARN_UNINITIALIZED_AUTOS = YES_AGGRESSIVE;
				GCC_WARN_UNUSED_FUNCTION = YES;
				GCC_WARN_UNUSED_VARIABLE = YES;
				IPHONEOS_DEPLOYMENT_TARGET = 9.1;
				MTL_ENABLE_DEBUG_INFO = NO;
				SDKROOT = iphoneos;
				VALIDATE_PRODUCT = YES;
			};
			name = Release;
		};
		D38004A61C4E21BA00656168 /* Debug */ = {
			isa = XCBuildConfiguration;
			buildSettings = {
				ASSETCATALOG_COMPILER_APPICON_NAME = AppIcon;
				INFOPLIST_FILE = "http@request/Info.plist";
				LD_RUNPATH_SEARCH_PATHS = "$(inherited) @executable_path/Frameworks";
				PRODUCT_BUNDLE_IDENTIFIER = "com.megastrat.http-request";
				PRODUCT_NAME = "$(TARGET_NAME)";
			};
			name = Debug;
		};
		D38004A71C4E21BA00656168 /* Release */ = {
			isa = XCBuildConfiguration;
			buildSettings = {
				ASSETCATALOG_COMPILER_APPICON_NAME = AppIcon;
				INFOPLIST_FILE = "http@request/Info.plist";
				LD_RUNPATH_SEARCH_PATHS = "$(inherited) @executable_path/Frameworks";
				PRODUCT_BUNDLE_IDENTIFIER = "com.megastrat.http-request";
				PRODUCT_NAME = "$(TARGET_NAME)";
			};
			name = Release;
		};
/* End XCBuildConfiguration section */

/* Begin XCConfigurationList section */
		D380048E1C4E21BA00656168 /* Build configuration list for PBXProject "http@request" */ = {
			isa = XCConfigurationList;
			buildConfigurations = (
				D38004A31C4E21BA00656168 /* Debug */,
				D38004A41C4E21BA00656168 /* Release */,
			);
			defaultConfigurationIsVisible = 0;
			defaultConfigurationName = Release;
		};
		D38004A51C4E21BA00656168 /* Build configuration list for PBXNativeTarget "http@request" */ = {
			isa = XCConfigurationList;
			buildConfigurations = (
				D38004A61C4E21BA00656168 /* Debug */,
				D38004A71C4E21BA00656168 /* Release */,
			);
			defaultConfigurationIsVisible = 0;
			defaultConfigurationName = Release;
		};
/* End XCConfigurationList section */
	};
	rootObject = D380048B1C4E21BA00656168 /* Project object */;
}
