// !$*UTF8*$!
{
	archiveVersion = 1;
	classes = {
	};
	objectVersion = 46;
	objects = {

/* Begin PBXBuildFile section */
		8AE393C91C0D932200781F2B /* AppDelegate.swift in Sources */ = {isa = PBXBuildFile; fileRef = 8AE393C81C0D932200781F2B /* AppDelegate.swift */; };
		8AE393CB1C0D932200781F2B /* ViewController.swift in Sources */ = {isa = PBXBuildFile; fileRef = 8AE393CA1C0D932200781F2B /* ViewController.swift */; };
		8AE393CE1C0D932200781F2B /* Main.storyboard in Resources */ = {isa = PBXBuildFile; fileRef = 8AE393CC1C0D932200781F2B /* Main.storyboard */; };
		8AE393D01C0D932200781F2B /* Assets.xcassets in Resources */ = {isa = PBXBuildFile; fileRef = 8AE393CF1C0D932200781F2B /* Assets.xcassets */; };
		8AE393D31C0D932200781F2B /* LaunchScreen.storyboard in Resources */ = {isa = PBXBuildFile; fileRef = 8AE393D11C0D932200781F2B /* LaunchScreen.storyboard */; };
		8AE393E11C0D973700781F2B /* SecondVC.swift in Sources */ = {isa = PBXBuildFile; fileRef = 8AE393E01C0D973700781F2B /* SecondVC.swift */; };
/* End PBXBuildFile section */

/* Begin PBXFileReference section */
		8AE393C51C0D932200781F2B /* PresentingVC.app */ = {isa = PBXFileReference; explicitFileType = wrapper.application; includeInIndex = 0; path = PresentingVC.app; sourceTree = BUILT_PRODUCTS_DIR; };
		8AE393C81C0D932200781F2B /* AppDelegate.swift */ = {isa = PBXFileReference; lastKnownFileType = sourcecode.swift; path = AppDelegate.swift; sourceTree = "<group>"; };
		8AE393CA1C0D932200781F2B /* ViewController.swift */ = {isa = PBXFileReference; lastKnownFileType = sourcecode.swift; path = ViewController.swift; sourceTree = "<group>"; };
		8AE393CD1C0D932200781F2B /* Base */ = {isa = PBXFileReference; lastKnownFileType = file.storyboard; name = Base; path = Base.lproj/Main.storyboard; sourceTree = "<group>"; };
		8AE393CF1C0D932200781F2B /* Assets.xcassets */ = {isa = PBXFileReference; lastKnownFileType = folder.assetcatalog; path = Assets.xcassets; sourceTree = "<group>"; };
		8AE393D21C0D932200781F2B /* Base */ = {isa = PBXFileReference; lastKnownFileType = file.storyboard; name = Base; path = Base.lproj/LaunchScreen.storyboard; sourceTree = "<group>"; };
		8AE393D41C0D932200781F2B /* Info.plist */ = {isa = PBXFileReference; lastKnownFileType = text.plist.xml; path = Info.plist; sourceTree = "<group>"; };
		8AE393E01C0D973700781F2B /* SecondVC.swift */ = {isa = PBXFileReference; fileEncoding = 4; lastKnownFileType = sourcecode.swift; path = SecondVC.swift; sourceTree = "<group>"; };
/* End PBXFileReference section */

/* Begin PBXFrameworksBuildPhase section */
		8AE393C21C0D932200781F2B /* Frameworks */ = {
			isa = PBXFrameworksBuildPhase;
			buildActionMask = 2147483647;
			files = (
			);
			runOnlyForDeploymentPostprocessing = 0;
		};
/* End PBXFrameworksBuildPhase section */

/* Begin PBXGroup section */
		8AE393BC1C0D932200781F2B = {
			isa = PBXGroup;
			children = (
				8AE393C71C0D932200781F2B /* PresentingVC */,
				8AE393C61C0D932200781F2B /* Products */,
			);
			sourceTree = "<group>";
		};
		8AE393C61C0D932200781F2B /* Products */ = {
			isa = PBXGroup;
			children = (
				8AE393C51C0D932200781F2B /* PresentingVC.app */,
			);
			name = Products;
			sourceTree = "<group>";
		};
		8AE393C71C0D932200781F2B /* PresentingVC */ = {
			isa = PBXGroup;
			children = (
				8AE393C81C0D932200781F2B /* AppDelegate.swift */,
				8AE393CA1C0D932200781F2B /* ViewController.swift */,
				8AE393CC1C0D932200781F2B /* Main.storyboard */,
				8AE393E01C0D973700781F2B /* SecondVC.swift */,
				8AE393CF1C0D932200781F2B /* Assets.xcassets */,
				8AE393D11C0D932200781F2B /* LaunchScreen.storyboard */,
				8AE393D41C0D932200781F2B /* Info.plist */,
			);
			path = PresentingVC;
			sourceTree = "<group>";
		};
/* End PBXGroup section */

/* Begin PBXNativeTarget section */
		8AE393C41C0D932200781F2B /* PresentingVC */ = {
			isa = PBXNativeTarget;
			buildConfigurationList = 8AE393D71C0D932200781F2B /* Build configuration list for PBXNativeTarget "PresentingVC" */;
			buildPhases = (
				8AE393C11C0D932200781F2B /* Sources */,
				8AE393C21C0D932200781F2B /* Frameworks */,
				8AE393C31C0D932200781F2B /* Resources */,
			);
			buildRules = (
			);
			dependencies = (
			);
			name = PresentingVC;
			productName = PresentingVC;
			productReference = 8AE393C51C0D932200781F2B /* PresentingVC.app */;
			productType = "com.apple.product-type.application";
		};
/* End PBXNativeTarget section */

/* Begin PBXProject section */
		8AE393BD1C0D932200781F2B /* Project object */ = {
			isa = PBXProject;
			attributes = {
				LastSwiftUpdateCheck = 0710;
				LastUpgradeCheck = 0710;
				ORGANIZATIONNAME = "Brett J. Rapp";
				TargetAttributes = {
					8AE393C41C0D932200781F2B = {
						CreatedOnToolsVersion = 7.1.1;
					};
				};
			};
			buildConfigurationList = 8AE393C01C0D932200781F2B /* Build configuration list for PBXProject "PresentingVC" */;
			compatibilityVersion = "Xcode 3.2";
			developmentRegion = English;
			hasScannedForEncodings = 0;
			knownRegions = (
				en,
				Base,
			);
			mainGroup = 8AE393BC1C0D932200781F2B;
			productRefGroup = 8AE393C61C0D932200781F2B /* Products */;
			projectDirPath = "";
			projectRoot = "";
			targets = (
				8AE393C41C0D932200781F2B /* PresentingVC */,
			);
		};
/* End PBXProject section */

/* Begin PBXResourcesBuildPhase section */
		8AE393C31C0D932200781F2B /* Resources */ = {
			isa = PBXResourcesBuildPhase;
			buildActionMask = 2147483647;
			files = (
				8AE393D31C0D932200781F2B /* LaunchScreen.storyboard in Resources */,
				8AE393D01C0D932200781F2B /* Assets.xcassets in Resources */,
				8AE393CE1C0D932200781F2B /* Main.storyboard in Resources */,
			);
			runOnlyForDeploymentPostprocessing = 0;
		};
/* End PBXResourcesBuildPhase section */

/* Begin PBXSourcesBuildPhase section */
		8AE393C11C0D932200781F2B /* Sources */ = {
			isa = PBXSourcesBuildPhase;
			buildActionMask = 2147483647;
			files = (
				8AE393CB1C0D932200781F2B /* ViewController.swift in Sources */,
				8AE393E11C0D973700781F2B /* SecondVC.swift in Sources */,
				8AE393C91C0D932200781F2B /* AppDelegate.swift in Sources */,
			);
			runOnlyForDeploymentPostprocessing = 0;
		};
/* End PBXSourcesBuildPhase section */

/* Begin PBXVariantGroup section */
		8AE393CC1C0D932200781F2B /* Main.storyboard */ = {
			isa = PBXVariantGroup;
			children = (
				8AE393CD1C0D932200781F2B /* Base */,
			);
			name = Main.storyboard;
			sourceTree = "<group>";
		};
		8AE393D11C0D932200781F2B /* LaunchScreen.storyboard */ = {
			isa = PBXVariantGroup;
			children = (
				8AE393D21C0D932200781F2B /* Base */,
			);
			name = LaunchScreen.storyboard;
			sourceTree = "<group>";
		};
/* End PBXVariantGroup section */

/* Begin XCBuildConfiguration section */
		8AE393D51C0D932200781F2B /* Debug */ = {
			isa = XCBuildConfiguration;
			buildSettings = {
				ALWAYS_SEARCH_USER_PATHS = NO;
				CLANG_CXX_LANGUAGE_STANDARD = "gnu++0x";
				CLANG_CXX_LIBRARY = "libc++";
				CLANG_ENABLE_MODULES = YES;
				CLANG_ENABLE_OBJC_ARC = YES;
				CLANG_WARN_BOOL_CONVERSION = YES;
				CLANG_WARN_CONSTANT_CONVERSION = YES;
				CLANG_WARN_DIRECT_OBJC_ISA_USAGE = YES_ERROR;
				CLANG_WARN_EMPTY_BODY = YES;
				CLANG_WARN_ENUM_CONVERSION = YES;
				CLANG_WARN_INT_CONVERSION = YES;
				CLANG_WARN_OBJC_ROOT_CLASS = YES_ERROR;
				CLANG_WARN_UNREACHABLE_CODE = YES;
				CLANG_WARN__DUPLICATE_METHOD_MATCH = YES;
				"CODE_SIGN_IDENTITY[sdk=iphoneos*]" = "iPhone Developer";
				COPY_PHASE_STRIP = NO;
				DEBUG_INFORMATION_FORMAT = dwarf;
				ENABLE_STRICT_OBJC_MSGSEND = YES;
				ENABLE_TESTABILITY = YES;
				GCC_C_LANGUAGE_STANDARD = gnu99;
				GCC_DYNAMIC_NO_PIC = NO;
				GCC_NO_COMMON_BLOCKS = YES;
				GCC_OPTIMIZATION_LEVEL = 0;
				GCC_PREPROCESSOR_DEFINITIONS = (
					"DEBUG=1",
					"$(inherited)",
				);
				GCC_WARN_64_TO_32_BIT_CONVERSION = YES;
				GCC_WARN_ABOUT_RETURN_TYPE = YES_ERROR;
				GCC_WARN_UNDECLARED_SELECTOR = YES;
				GCC_WARN_UNINITIALIZED_AUTOS = YES_AGGRESSIVE;
				GCC_WARN_UNUSED_FUNCTION = YES;
				GCC_WARN_UNUSED_VARIABLE = YES;
				IPHONEOS_DEPLOYMENT_TARGET = 9.1;
				MTL_ENABLE_DEBUG_INFO = YES;
				ONLY_ACTIVE_ARCH = YES;
				SDKROOT = iphoneos;
				SWIFT_OPTIMIZATION_LEVEL = "-Onone";
			};
			name = Debug;
		};
		8AE393D61C0D932200781F2B /* Release */ = {
			isa = XCBuildConfiguration;
			buildSettings = {
				ALWAYS_SEARCH_USER_PATHS = NO;
				CLANG_CXX_LANGUAGE_STANDARD = "gnu++0x";
				CLANG_CXX_LIBRARY = "libc++";
				CLANG_ENABLE_MODULES = YES;
				CLANG_ENABLE_OBJC_ARC = YES;
				CLANG_WARN_BOOL_CONVERSION = YES;
				CLANG_WARN_CONSTANT_CONVERSION = YES;
				CLANG_WARN_DIRECT_OBJC_ISA_USAGE = YES_ERROR;
				CLANG_WARN_EMPTY_BODY = YES;
				CLANG_WARN_ENUM_CONVERSION = YES;
				CLANG_WARN_INT_CONVERSION = YES;
				CLANG_WARN_OBJC_ROOT_CLASS = YES_ERROR;
				CLANG_WARN_UNREACHABLE_CODE = YES;
				CLANG_WARN__DUPLICATE_METHOD_MATCH = YES;
				"CODE_SIGN_IDENTITY[sdk=iphoneos*]" = "iPhone Developer";
				COPY_PHASE_STRIP = NO;
				DEBUG_INFORMATION_FORMAT = "dwarf-with-dsym";
				ENABLE_NS_ASSERTIONS = NO;
				ENABLE_STRICT_OBJC_MSGSEND = YES;
				GCC_C_LANGUAGE_STANDARD = gnu99;
				GCC_NO_COMMON_BLOCKS = YES;
				GCC_WARN_64_TO_32_BIT_CONVERSION = YES;
				GCC_WARN_ABOUT_RETURN_TYPE = YES_ERROR;
				GCC_WARN_UNDECLARED_SELECTOR = YES;
				GCC_WARN_UNINITIALIZED_AUTOS = YES_AGGRESSIVE;
				GCC_WARN_UNUSED_FUNCTION = YES;
				GCC_WARN_UNUSED_VARIABLE = YES;
				IPHONEOS_DEPLOYMENT_TARGET = 9.1;
				MTL_ENABLE_DEBUG_INFO = NO;
				SDKROOT = iphoneos;
				VALIDATE_PRODUCT = YES;
			};
			name = Release;
		};
		8AE393D81C0D932200781F2B /* Debug */ = {
			isa = XCBuildConfiguration;
			buildSettings = {
				ASSETCATALOG_COMPILER_APPICON_NAME = AppIcon;
				INFOPLIST_FILE = PresentingVC/Info.plist;
				LD_RUNPATH_SEARCH_PATHS = "$(inherited) @executable_path/Frameworks";
				PRODUCT_BUNDLE_IDENTIFIER = com.brettrapp.PresentingVC;
				PRODUCT_NAME = "$(TARGET_NAME)";
			};
			name = Debug;
		};
		8AE393D91C0D932200781F2B /* Release */ = {
			isa = XCBuildConfiguration;
			buildSettings = {
				ASSETCATALOG_COMPILER_APPICON_NAME = AppIcon;
				INFOPLIST_FILE = PresentingVC/Info.plist;
				LD_RUNPATH_SEARCH_PATHS = "$(inherited) @executable_path/Frameworks";
				PRODUCT_BUNDLE_IDENTIFIER = com.brettrapp.PresentingVC;
				PRODUCT_NAME = "$(TARGET_NAME)";
			};
			name = Release;
		};
/* End XCBuildConfiguration section */

/* Begin XCConfigurationList section */
		8AE393C01C0D932200781F2B /* Build configuration list for PBXProject "PresentingVC" */ = {
			isa = XCConfigurationList;
			buildConfigurations = (
				8AE393D51C0D932200781F2B /* Debug */,
				8AE393D61C0D932200781F2B /* Release */,
			);
			defaultConfigurationIsVisible = 0;
			defaultConfigurationName = Release;
		};
		8AE393D71C0D932200781F2B /* Build configuration list for PBXNativeTarget "PresentingVC" */ = {
			isa = XCConfigurationList;
			buildConfigurations = (
				8AE393D81C0D932200781F2B /* Debug */,
				8AE393D91C0D932200781F2B /* Release */,
			);
			defaultConfigurationIsVisible = 0;
		};
/* End XCConfigurationList section */
	};
	rootObject = 8AE393BD1C0D932200781F2B /* Project object */;
}
