// !$*UTF8*$!
{
	archiveVersion = 1;
	classes = {
	};
	objectVersion = 46;
	objects = {

/* Begin PBXBuildFile section */
		BB59FFF11BF48F2200C17655 /* AppDelegate.swift in Sources */ = {isa = PBXBuildFile; fileRef = BB59FFF01BF48F2200C17655 /* AppDelegate.swift */; };
		BB59FFF31BF48F2200C17655 /* ViewController.swift in Sources */ = {isa = PBXBuildFile; fileRef = BB59FFF21BF48F2200C17655 /* ViewController.swift */; };
		BB59FFF61BF48F2200C17655 /* Main.storyboard in Resources */ = {isa = PBXBuildFile; fileRef = BB59FFF41BF48F2200C17655 /* Main.storyboard */; };
		BB59FFF81BF48F2200C17655 /* Assets.xcassets in Resources */ = {isa = PBXBuildFile; fileRef = BB59FFF71BF48F2200C17655 /* Assets.xcassets */; };
		BB59FFFB1BF48F2200C17655 /* LaunchScreen.storyboard in Resources */ = {isa = PBXBuildFile; fileRef = BB59FFF91BF48F2200C17655 /* LaunchScreen.storyboard */; };
/* End PBXBuildFile section */

/* Begin PBXFileReference section */
		BB59FFED1BF48F2200C17655 /* NavigationDemo.app */ = {isa = PBXFileReference; explicitFileType = wrapper.application; includeInIndex = 0; path = NavigationDemo.app; sourceTree = BUILT_PRODUCTS_DIR; };
		BB59FFF01BF48F2200C17655 /* AppDelegate.swift */ = {isa = PBXFileReference; lastKnownFileType = sourcecode.swift; path = AppDelegate.swift; sourceTree = "<group>"; };
		BB59FFF21BF48F2200C17655 /* ViewController.swift */ = {isa = PBXFileReference; lastKnownFileType = sourcecode.swift; path = ViewController.swift; sourceTree = "<group>"; };
		BB59FFF51BF48F2200C17655 /* Base */ = {isa = PBXFileReference; lastKnownFileType = file.storyboard; name = Base; path = Base.lproj/Main.storyboard; sourceTree = "<group>"; };
		BB59FFF71BF48F2200C17655 /* Assets.xcassets */ = {isa = PBXFileReference; lastKnownFileType = folder.assetcatalog; path = Assets.xcassets; sourceTree = "<group>"; };
		BB59FFFA1BF48F2200C17655 /* Base */ = {isa = PBXFileReference; lastKnownFileType = file.storyboard; name = Base; path = Base.lproj/LaunchScreen.storyboard; sourceTree = "<group>"; };
		BB59FFFC1BF48F2200C17655 /* Info.plist */ = {isa = PBXFileReference; lastKnownFileType = text.plist.xml; path = Info.plist; sourceTree = "<group>"; };
/* End PBXFileReference section */

/* Begin PBXFrameworksBuildPhase section */
		BB59FFEA1BF48F2200C17655 /* Frameworks */ = {
			isa = PBXFrameworksBuildPhase;
			buildActionMask = 2147483647;
			files = (
			);
			runOnlyForDeploymentPostprocessing = 0;
		};
/* End PBXFrameworksBuildPhase section */

/* Begin PBXGroup section */
		BB59FFE41BF48F2200C17655 = {
			isa = PBXGroup;
			children = (
				BB59FFEF1BF48F2200C17655 /* NavigationDemo */,
				BB59FFEE1BF48F2200C17655 /* Products */,
			);
			sourceTree = "<group>";
		};
		BB59FFEE1BF48F2200C17655 /* Products */ = {
			isa = PBXGroup;
			children = (
				BB59FFED1BF48F2200C17655 /* NavigationDemo.app */,
			);
			name = Products;
			sourceTree = "<group>";
		};
		BB59FFEF1BF48F2200C17655 /* NavigationDemo */ = {
			isa = PBXGroup;
			children = (
				BB59FFF01BF48F2200C17655 /* AppDelegate.swift */,
				BB59FFF21BF48F2200C17655 /* ViewController.swift */,
				BB59FFF41BF48F2200C17655 /* Main.storyboard */,
				BB59FFF71BF48F2200C17655 /* Assets.xcassets */,
				BB59FFF91BF48F2200C17655 /* LaunchScreen.storyboard */,
				BB59FFFC1BF48F2200C17655 /* Info.plist */,
			);
			path = NavigationDemo;
			sourceTree = "<group>";
		};
/* End PBXGroup section */

/* Begin PBXNativeTarget section */
		BB59FFEC1BF48F2200C17655 /* NavigationDemo */ = {
			isa = PBXNativeTarget;
			buildConfigurationList = BB59FFFF1BF48F2200C17655 /* Build configuration list for PBXNativeTarget "NavigationDemo" */;
			buildPhases = (
				BB59FFE91BF48F2200C17655 /* Sources */,
				BB59FFEA1BF48F2200C17655 /* Frameworks */,
				BB59FFEB1BF48F2200C17655 /* Resources */,
			);
			buildRules = (
			);
			dependencies = (
			);
			name = NavigationDemo;
			productName = NavigationDemo;
			productReference = BB59FFED1BF48F2200C17655 /* NavigationDemo.app */;
			productType = "com.apple.product-type.application";
		};
/* End PBXNativeTarget section */

/* Begin PBXProject section */
		BB59FFE51BF48F2200C17655 /* Project object */ = {
			isa = PBXProject;
			attributes = {
				LastSwiftUpdateCheck = 0710;
				LastUpgradeCheck = 0710;
				ORGANIZATIONNAME = SamWij;
				TargetAttributes = {
					BB59FFEC1BF48F2200C17655 = {
						CreatedOnToolsVersion = 7.1;
					};
				};
			};
			buildConfigurationList = BB59FFE81BF48F2200C17655 /* Build configuration list for PBXProject "NavigationDemo" */;
			compatibilityVersion = "Xcode 3.2";
			developmentRegion = English;
			hasScannedForEncodings = 0;
			knownRegions = (
				en,
				Base,
			);
			mainGroup = BB59FFE41BF48F2200C17655;
			productRefGroup = BB59FFEE1BF48F2200C17655 /* Products */;
			projectDirPath = "";
			projectRoot = "";
			targets = (
				BB59FFEC1BF48F2200C17655 /* NavigationDemo */,
			);
		};
/* End PBXProject section */

/* Begin PBXResourcesBuildPhase section */
		BB59FFEB1BF48F2200C17655 /* Resources */ = {
			isa = PBXResourcesBuildPhase;
			buildActionMask = 2147483647;
			files = (
				BB59FFFB1BF48F2200C17655 /* LaunchScreen.storyboard in Resources */,
				BB59FFF81BF48F2200C17655 /* Assets.xcassets in Resources */,
				BB59FFF61BF48F2200C17655 /* Main.storyboard in Resources */,
			);
			runOnlyForDeploymentPostprocessing = 0;
		};
/* End PBXResourcesBuildPhase section */

/* Begin PBXSourcesBuildPhase section */
		BB59FFE91BF48F2200C17655 /* Sources */ = {
			isa = PBXSourcesBuildPhase;
			buildActionMask = 2147483647;
			files = (
				BB59FFF31BF48F2200C17655 /* ViewController.swift in Sources */,
				BB59FFF11BF48F2200C17655 /* AppDelegate.swift in Sources */,
			);
			runOnlyForDeploymentPostprocessing = 0;
		};
/* End PBXSourcesBuildPhase section */

/* Begin PBXVariantGroup section */
		BB59FFF41BF48F2200C17655 /* Main.storyboard */ = {
			isa = PBXVariantGroup;
			children = (
				BB59FFF51BF48F2200C17655 /* Base */,
			);
			name = Main.storyboard;
			sourceTree = "<group>";
		};
		BB59FFF91BF48F2200C17655 /* LaunchScreen.storyboard */ = {
			isa = PBXVariantGroup;
			children = (
				BB59FFFA1BF48F2200C17655 /* Base */,
			);
			name = LaunchScreen.storyboard;
			sourceTree = "<group>";
		};
/* End PBXVariantGroup section */

/* Begin XCBuildConfiguration section */
		BB5900001BF48F2200C17655 /* Debug */ = {
			isa = XCBuildConfiguration;
			buildSettings = {
				ASSETCATALOG_COMPILER_APPICON_NAME = AppIcon;
				INFOPLIST_FILE = NavigationDemo/Info.plist;
				LD_RUNPATH_SEARCH_PATHS = "$(inherited) @executable_path/Frameworks";
				PRODUCT_BUNDLE_IDENTIFIER = com.yourcompany.NavigationDemo;
				PRODUCT_NAME = "$(TARGET_NAME)";
			};
			name = Debug;
		};
		BB5900011BF48F2200C17655 /* Release */ = {
			isa = XCBuildConfiguration;
			buildSettings = {
				ASSETCATALOG_COMPILER_APPICON_NAME = AppIcon;
				INFOPLIST_FILE = NavigationDemo/Info.plist;
				LD_RUNPATH_SEARCH_PATHS = "$(inherited) @executable_path/Frameworks";
				PRODUCT_BUNDLE_IDENTIFIER = com.yourcompany.NavigationDemo;
				PRODUCT_NAME = "$(TARGET_NAME)";
			};
			name = Release;
		};
		BB59FFFD1BF48F2200C17655 /* Debug */ = {
			isa = XCBuildConfiguration;
			buildSettings = {
				ALWAYS_SEARCH_USER_PATHS = NO;
				CLANG_CXX_LANGUAGE_STANDARD = "gnu++0x";
				CLANG_CXX_LIBRARY = "libc++";
				CLANG_ENABLE_MODULES = YES;
				CLANG_ENABLE_OBJC_ARC = YES;
				CLANG_WARN_BOOL_CONVERSION = YES;
				CLANG_WARN_CONSTANT_CONVERSION = YES;
				CLANG_WARN_DIRECT_OBJC_ISA_USAGE = YES_ERROR;
				CLANG_WARN_EMPTY_BODY = YES;
				CLANG_WARN_ENUM_CONVERSION = YES;
				CLANG_WARN_INT_CONVERSION = YES;
				CLANG_WARN_OBJC_ROOT_CLASS = YES_ERROR;
				CLANG_WARN_UNREACHABLE_CODE = YES;
				CLANG_WARN__DUPLICATE_METHOD_MATCH = YES;
				"CODE_SIGN_IDENTITY[sdk=iphoneos*]" = "iPhone Developer";
				COPY_PHASE_STRIP = NO;
				DEBUG_INFORMATION_FORMAT = dwarf;
				ENABLE_STRICT_OBJC_MSGSEND = YES;
				ENABLE_TESTABILITY = YES;
				GCC_C_LANGUAGE_STANDARD = gnu99;
				GCC_DYNAMIC_NO_PIC = NO;
				GCC_NO_COMMON_BLOCKS = YES;
				GCC_OPTIMIZATION_LEVEL = 0;
				GCC_PREPROCESSOR_DEFINITIONS = (
					"DEBUG=1",
					"$(inherited)",
				);
				GCC_WARN_64_TO_32_BIT_CONVERSION = YES;
				GCC_WARN_ABOUT_RETURN_TYPE = YES_ERROR;
				GCC_WARN_UNDECLARED_SELECTOR = YES;
				GCC_WARN_UNINITIALIZED_AUTOS = YES_AGGRESSIVE;
				GCC_WARN_UNUSED_FUNCTION = YES;
				GCC_WARN_UNUSED_VARIABLE = YES;
				IPHONEOS_DEPLOYMENT_TARGET = 9.1;
				MTL_ENABLE_DEBUG_INFO = YES;
				ONLY_ACTIVE_ARCH = YES;
				SDKROOT = iphoneos;
				SWIFT_OPTIMIZATION_LEVEL = "-Onone";
			};
			name = Debug;
		};
		BB59FFFE1BF48F2200C17655 /* Release */ = {
			isa = XCBuildConfiguration;
			buildSettings = {
				ALWAYS_SEARCH_USER_PATHS = NO;
				CLANG_CXX_LANGUAGE_STANDARD = "gnu++0x";
				CLANG_CXX_LIBRARY = "libc++";
				CLANG_ENABLE_MODULES = YES;
				CLANG_ENABLE_OBJC_ARC = YES;
				CLANG_WARN_BOOL_CONVERSION = YES;
				CLANG_WARN_CONSTANT_CONVERSION = YES;
				CLANG_WARN_DIRECT_OBJC_ISA_USAGE = YES_ERROR;
				CLANG_WARN_EMPTY_BODY = YES;
				CLANG_WARN_ENUM_CONVERSION = YES;
				CLANG_WARN_INT_CONVERSION = YES;
				CLANG_WARN_OBJC_ROOT_CLASS = YES_ERROR;
				CLANG_WARN_UNREACHABLE_CODE = YES;
				CLANG_WARN__DUPLICATE_METHOD_MATCH = YES;
				"CODE_SIGN_IDENTITY[sdk=iphoneos*]" = "iPhone Developer";
				COPY_PHASE_STRIP = NO;
				DEBUG_INFORMATION_FORMAT = "dwarf-with-dsym";
				ENABLE_NS_ASSERTIONS = NO;
				ENABLE_STRICT_OBJC_MSGSEND = YES;
				GCC_C_LANGUAGE_STANDARD = gnu99;
				GCC_NO_COMMON_BLOCKS = YES;
				GCC_WARN_64_TO_32_BIT_CONVERSION = YES;
				GCC_WARN_ABOUT_RETURN_TYPE = YES_ERROR;
				GCC_WARN_UNDECLARED_SELECTOR = YES;
				GCC_WARN_UNINITIALIZED_AUTOS = YES_AGGRESSIVE;
				GCC_WARN_UNUSED_FUNCTION = YES;
				GCC_WARN_UNUSED_VARIABLE = YES;
				IPHONEOS_DEPLOYMENT_TARGET = 9.1;
				MTL_ENABLE_DEBUG_INFO = NO;
				SDKROOT = iphoneos;
				VALIDATE_PRODUCT = YES;
			};
			name = Release;
		};
/* End XCBuildConfiguration section */

/* Begin XCConfigurationList section */
		BB59FFE81BF48F2200C17655 /* Build configuration list for PBXProject "NavigationDemo" */ = {
			isa = XCConfigurationList;
			buildConfigurations = (
				BB59FFFD1BF48F2200C17655 /* Debug */,
				BB59FFFE1BF48F2200C17655 /* Release */,
			);
			defaultConfigurationIsVisible = 0;
			defaultConfigurationName = Release;
		};
		BB59FFFF1BF48F2200C17655 /* Build configuration list for PBXNativeTarget "NavigationDemo" */ = {
			isa = XCConfigurationList;
			buildConfigurations = (
				BB5900001BF48F2200C17655 /* Debug */,
				BB5900011BF48F2200C17655 /* Release */,
			);
			defaultConfigurationIsVisible = 0;
		};
/* End XCConfigurationList section */
	};
	rootObject = BB59FFE51BF48F2200C17655 /* Project object */;
}
