// !$*UTF8*$!
{
	archiveVersion = 1;
	classes = {
	};
	objectVersion = 46;
	objects = {

/* Begin PBXBuildFile section */
		BB614AB31C3BBA3400A3DD58 /* AppDelegate.swift in Sources */ = {isa = PBXBuildFile; fileRef = BB614AB21C3BBA3400A3DD58 /* AppDelegate.swift */; };
		BB614AB51C3BBA3400A3DD58 /* ViewController.swift in Sources */ = {isa = PBXBuildFile; fileRef = BB614AB41C3BBA3400A3DD58 /* ViewController.swift */; };
		BB614AB81C3BBA3400A3DD58 /* Main.storyboard in Resources */ = {isa = PBXBuildFile; fileRef = BB614AB61C3BBA3400A3DD58 /* Main.storyboard */; };
		BB614ABA1C3BBA3400A3DD58 /* Assets.xcassets in Resources */ = {isa = PBXBuildFile; fileRef = BB614AB91C3BBA3400A3DD58 /* Assets.xcassets */; };
		BB614ABD1C3BBA3400A3DD58 /* LaunchScreen.storyboard in Resources */ = {isa = PBXBuildFile; fileRef = BB614ABB1C3BBA3400A3DD58 /* LaunchScreen.storyboard */; };
/* End PBXBuildFile section */

/* Begin PBXFileReference section */
		BB614AAF1C3BBA3400A3DD58 /* LoginScreen.app */ = {isa = PBXFileReference; explicitFileType = wrapper.application; includeInIndex = 0; path = LoginScreen.app; sourceTree = BUILT_PRODUCTS_DIR; };
		BB614AB21C3BBA3400A3DD58 /* AppDelegate.swift */ = {isa = PBXFileReference; lastKnownFileType = sourcecode.swift; path = AppDelegate.swift; sourceTree = "<group>"; };
		BB614AB41C3BBA3400A3DD58 /* ViewController.swift */ = {isa = PBXFileReference; lastKnownFileType = sourcecode.swift; path = ViewController.swift; sourceTree = "<group>"; };
		BB614AB71C3BBA3400A3DD58 /* Base */ = {isa = PBXFileReference; lastKnownFileType = file.storyboard; name = Base; path = Base.lproj/Main.storyboard; sourceTree = "<group>"; };
		BB614AB91C3BBA3400A3DD58 /* Assets.xcassets */ = {isa = PBXFileReference; lastKnownFileType = folder.assetcatalog; path = Assets.xcassets; sourceTree = "<group>"; };
		BB614ABC1C3BBA3400A3DD58 /* Base */ = {isa = PBXFileReference; lastKnownFileType = file.storyboard; name = Base; path = Base.lproj/LaunchScreen.storyboard; sourceTree = "<group>"; };
		BB614ABE1C3BBA3400A3DD58 /* Info.plist */ = {isa = PBXFileReference; lastKnownFileType = text.plist.xml; path = Info.plist; sourceTree = "<group>"; };
/* End PBXFileReference section */

/* Begin PBXFrameworksBuildPhase section */
		BB614AAC1C3BBA3400A3DD58 /* Frameworks */ = {
			isa = PBXFrameworksBuildPhase;
			buildActionMask = 2147483647;
			files = (
			);
			runOnlyForDeploymentPostprocessing = 0;
		};
/* End PBXFrameworksBuildPhase section */

/* Begin PBXGroup section */
		BB614AA61C3BBA3400A3DD58 = {
			isa = PBXGroup;
			children = (
				BB614AB11C3BBA3400A3DD58 /* LoginScreen */,
				BB614AB01C3BBA3400A3DD58 /* Products */,
			);
			sourceTree = "<group>";
		};
		BB614AB01C3BBA3400A3DD58 /* Products */ = {
			isa = PBXGroup;
			children = (
				BB614AAF1C3BBA3400A3DD58 /* LoginScreen.app */,
			);
			name = Products;
			sourceTree = "<group>";
		};
		BB614AB11C3BBA3400A3DD58 /* LoginScreen */ = {
			isa = PBXGroup;
			children = (
				BB614AB21C3BBA3400A3DD58 /* AppDelegate.swift */,
				BB614AB41C3BBA3400A3DD58 /* ViewController.swift */,
				BB614AB61C3BBA3400A3DD58 /* Main.storyboard */,
				BB614AB91C3BBA3400A3DD58 /* Assets.xcassets */,
				BB614ABB1C3BBA3400A3DD58 /* LaunchScreen.storyboard */,
				BB614ABE1C3BBA3400A3DD58 /* Info.plist */,
			);
			path = LoginScreen;
			sourceTree = "<group>";
		};
/* End PBXGroup section */

/* Begin PBXNativeTarget section */
		BB614AAE1C3BBA3400A3DD58 /* LoginScreen */ = {
			isa = PBXNativeTarget;
			buildConfigurationList = BB614AC11C3BBA3400A3DD58 /* Build configuration list for PBXNativeTarget "LoginScreen" */;
			buildPhases = (
				BB614AAB1C3BBA3400A3DD58 /* Sources */,
				BB614AAC1C3BBA3400A3DD58 /* Frameworks */,
				BB614AAD1C3BBA3400A3DD58 /* Resources */,
			);
			buildRules = (
			);
			dependencies = (
			);
			name = LoginScreen;
			productName = LoginScreen;
			productReference = BB614AAF1C3BBA3400A3DD58 /* LoginScreen.app */;
			productType = "com.apple.product-type.application";
		};
/* End PBXNativeTarget section */

/* Begin PBXProject section */
		BB614AA71C3BBA3400A3DD58 /* Project object */ = {
			isa = PBXProject;
			attributes = {
				LastSwiftUpdateCheck = 0720;
				LastUpgradeCheck = 0720;
				ORGANIZATIONNAME = SamWij;
				TargetAttributes = {
					BB614AAE1C3BBA3400A3DD58 = {
						CreatedOnToolsVersion = 7.2;
						DevelopmentTeam = Y62J5W2Y5D;
					};
				};
			};
			buildConfigurationList = BB614AAA1C3BBA3400A3DD58 /* Build configuration list for PBXProject "LoginScreen" */;
			compatibilityVersion = "Xcode 3.2";
			developmentRegion = English;
			hasScannedForEncodings = 0;
			knownRegions = (
				en,
				Base,
			);
			mainGroup = BB614AA61C3BBA3400A3DD58;
			productRefGroup = BB614AB01C3BBA3400A3DD58 /* Products */;
			projectDirPath = "";
			projectRoot = "";
			targets = (
				BB614AAE1C3BBA3400A3DD58 /* LoginScreen */,
			);
		};
/* End PBXProject section */

/* Begin PBXResourcesBuildPhase section */
		BB614AAD1C3BBA3400A3DD58 /* Resources */ = {
			isa = PBXResourcesBuildPhase;
			buildActionMask = 2147483647;
			files = (
				BB614ABD1C3BBA3400A3DD58 /* LaunchScreen.storyboard in Resources */,
				BB614ABA1C3BBA3400A3DD58 /* Assets.xcassets in Resources */,
				BB614AB81C3BBA3400A3DD58 /* Main.storyboard in Resources */,
			);
			runOnlyForDeploymentPostprocessing = 0;
		};
/* End PBXResourcesBuildPhase section */

/* Begin PBXSourcesBuildPhase section */
		BB614AAB1C3BBA3400A3DD58 /* Sources */ = {
			isa = PBXSourcesBuildPhase;
			buildActionMask = 2147483647;
			files = (
				BB614AB51C3BBA3400A3DD58 /* ViewController.swift in Sources */,
				BB614AB31C3BBA3400A3DD58 /* AppDelegate.swift in Sources */,
			);
			runOnlyForDeploymentPostprocessing = 0;
		};
/* End PBXSourcesBuildPhase section */

/* Begin PBXVariantGroup section */
		BB614AB61C3BBA3400A3DD58 /* Main.storyboard */ = {
			isa = PBXVariantGroup;
			children = (
				BB614AB71C3BBA3400A3DD58 /* Base */,
			);
			name = Main.storyboard;
			sourceTree = "<group>";
		};
		BB614ABB1C3BBA3400A3DD58 /* LaunchScreen.storyboard */ = {
			isa = PBXVariantGroup;
			children = (
				BB614ABC1C3BBA3400A3DD58 /* Base */,
			);
			name = LaunchScreen.storyboard;
			sourceTree = "<group>";
		};
/* End PBXVariantGroup section */

/* Begin XCBuildConfiguration section */
		BB614ABF1C3BBA3400A3DD58 /* Debug */ = {
			isa = XCBuildConfiguration;
			buildSettings = {
				ALWAYS_SEARCH_USER_PATHS = NO;
				CLANG_CXX_LANGUAGE_STANDARD = "gnu++0x";
				CLANG_CXX_LIBRARY = "libc++";
				CLANG_ENABLE_MODULES = YES;
				CLANG_ENABLE_OBJC_ARC = YES;
				CLANG_WARN_BOOL_CONVERSION = YES;
				CLANG_WARN_CONSTANT_CONVERSION = YES;
				CLANG_WARN_DIRECT_OBJC_ISA_USAGE = YES_ERROR;
				CLANG_WARN_EMPTY_BODY = YES;
				CLANG_WARN_ENUM_CONVERSION = YES;
				CLANG_WARN_INT_CONVERSION = YES;
				CLANG_WARN_OBJC_ROOT_CLASS = YES_ERROR;
				CLANG_WARN_UNREACHABLE_CODE = YES;
				CLANG_WARN__DUPLICATE_METHOD_MATCH = YES;
				"CODE_SIGN_IDENTITY[sdk=iphoneos*]" = "iPhone Developer";
				COPY_PHASE_STRIP = NO;
				DEBUG_INFORMATION_FORMAT = dwarf;
				ENABLE_STRICT_OBJC_MSGSEND = YES;
				ENABLE_TESTABILITY = YES;
				GCC_C_LANGUAGE_STANDARD = gnu99;
				GCC_DYNAMIC_NO_PIC = NO;
				GCC_NO_COMMON_BLOCKS = YES;
				GCC_OPTIMIZATION_LEVEL = 0;
				GCC_PREPROCESSOR_DEFINITIONS = (
					"DEBUG=1",
					"$(inherited)",
				);
				GCC_WARN_64_TO_32_BIT_CONVERSION = YES;
				GCC_WARN_ABOUT_RETURN_TYPE = YES_ERROR;
				GCC_WARN_UNDECLARED_SELECTOR = YES;
				GCC_WARN_UNINITIALIZED_AUTOS = YES_AGGRESSIVE;
				GCC_WARN_UNUSED_FUNCTION = YES;
				GCC_WARN_UNUSED_VARIABLE = YES;
				IPHONEOS_DEPLOYMENT_TARGET = 9.2;
				MTL_ENABLE_DEBUG_INFO = YES;
				ONLY_ACTIVE_ARCH = YES;
				SDKROOT = iphoneos;
				SWIFT_OPTIMIZATION_LEVEL = "-Onone";
			};
			name = Debug;
		};
		BB614AC01C3BBA3400A3DD58 /* Release */ = {
			isa = XCBuildConfiguration;
			buildSettings = {
				ALWAYS_SEARCH_USER_PATHS = NO;
				CLANG_CXX_LANGUAGE_STANDARD = "gnu++0x";
				CLANG_CXX_LIBRARY = "libc++";
				CLANG_ENABLE_MODULES = YES;
				CLANG_ENABLE_OBJC_ARC = YES;
				CLANG_WARN_BOOL_CONVERSION = YES;
				CLANG_WARN_CONSTANT_CONVERSION = YES;
				CLANG_WARN_DIRECT_OBJC_ISA_USAGE = YES_ERROR;
				CLANG_WARN_EMPTY_BODY = YES;
				CLANG_WARN_ENUM_CONVERSION = YES;
				CLANG_WARN_INT_CONVERSION = YES;
				CLANG_WARN_OBJC_ROOT_CLASS = YES_ERROR;
				CLANG_WARN_UNREACHABLE_CODE = YES;
				CLANG_WARN__DUPLICATE_METHOD_MATCH = YES;
				"CODE_SIGN_IDENTITY[sdk=iphoneos*]" = "iPhone Developer";
				COPY_PHASE_STRIP = NO;
				DEBUG_INFORMATION_FORMAT = "dwarf-with-dsym";
				ENABLE_NS_ASSERTIONS = NO;
				ENABLE_STRICT_OBJC_MSGSEND = YES;
				GCC_C_LANGUAGE_STANDARD = gnu99;
				GCC_NO_COMMON_BLOCKS = YES;
				GCC_WARN_64_TO_32_BIT_CONVERSION = YES;
				GCC_WARN_ABOUT_RETURN_TYPE = YES_ERROR;
				GCC_WARN_UNDECLARED_SELECTOR = YES;
				GCC_WARN_UNINITIALIZED_AUTOS = YES_AGGRESSIVE;
				GCC_WARN_UNUSED_FUNCTION = YES;
				GCC_WARN_UNUSED_VARIABLE = YES;
				IPHONEOS_DEPLOYMENT_TARGET = 9.2;
				MTL_ENABLE_DEBUG_INFO = NO;
				SDKROOT = iphoneos;
				VALIDATE_PRODUCT = YES;
			};
			name = Release;
		};
		BB614AC21C3BBA3400A3DD58 /* Debug */ = {
			isa = XCBuildConfiguration;
			buildSettings = {
				ASSETCATALOG_COMPILER_APPICON_NAME = AppIcon;
				INFOPLIST_FILE = LoginScreen/Info.plist;
				LD_RUNPATH_SEARCH_PATHS = "$(inherited) @executable_path/Frameworks";
				PRODUCT_BUNDLE_IDENTIFIER = com.yourcompany.LoginScreen;
				PRODUCT_NAME = "$(TARGET_NAME)";
			};
			name = Debug;
		};
		BB614AC31C3BBA3400A3DD58 /* Release */ = {
			isa = XCBuildConfiguration;
			buildSettings = {
				ASSETCATALOG_COMPILER_APPICON_NAME = AppIcon;
				INFOPLIST_FILE = LoginScreen/Info.plist;
				LD_RUNPATH_SEARCH_PATHS = "$(inherited) @executable_path/Frameworks";
				PRODUCT_BUNDLE_IDENTIFIER = com.yourcompany.LoginScreen;
				PRODUCT_NAME = "$(TARGET_NAME)";
			};
			name = Release;
		};
/* End XCBuildConfiguration section */

/* Begin XCConfigurationList section */
		BB614AAA1C3BBA3400A3DD58 /* Build configuration list for PBXProject "LoginScreen" */ = {
			isa = XCConfigurationList;
			buildConfigurations = (
				BB614ABF1C3BBA3400A3DD58 /* Debug */,
				BB614AC01C3BBA3400A3DD58 /* Release */,
			);
			defaultConfigurationIsVisible = 0;
			defaultConfigurationName = Release;
		};
		BB614AC11C3BBA3400A3DD58 /* Build configuration list for PBXNativeTarget "LoginScreen" */ = {
			isa = XCConfigurationList;
			buildConfigurations = (
				BB614AC21C3BBA3400A3DD58 /* Debug */,
				BB614AC31C3BBA3400A3DD58 /* Release */,
			);
			defaultConfigurationIsVisible = 0;
		};
/* End XCConfigurationList section */
	};
	rootObject = BB614AA71C3BBA3400A3DD58 /* Project object */;
}
