// !$*UTF8*$!
{
	archiveVersion = 1;
	classes = {
	};
	objectVersion = 46;
	objects = {

/* Begin PBXBuildFile section */
		8AA14EE61C195DF600E7302E /* AppDelegate.swift in Sources */ = {isa = PBXBuildFile; fileRef = 8AA14EE51C195DF600E7302E /* AppDelegate.swift */; };
		8AA14EE81C195DF600E7302E /* ViewController.swift in Sources */ = {isa = PBXBuildFile; fileRef = 8AA14EE71C195DF600E7302E /* ViewController.swift */; };
		8AA14EEB1C195DF600E7302E /* Main.storyboard in Resources */ = {isa = PBXBuildFile; fileRef = 8AA14EE91C195DF600E7302E /* Main.storyboard */; };
		8AA14EED1C195DF600E7302E /* Assets.xcassets in Resources */ = {isa = PBXBuildFile; fileRef = 8AA14EEC1C195DF600E7302E /* Assets.xcassets */; };
		8AA14EF01C195DF600E7302E /* LaunchScreen.storyboard in Resources */ = {isa = PBXBuildFile; fileRef = 8AA14EEE1C195DF600E7302E /* LaunchScreen.storyboard */; };
		8AA14EF81C195E8500E7302E /* ToDoTableViewController.swift in Sources */ = {isa = PBXBuildFile; fileRef = 8AA14EF71C195E8500E7302E /* ToDoTableViewController.swift */; };
		8AA14EFC1C195F4F00E7302E /* ToDoTasks.swift in Sources */ = {isa = PBXBuildFile; fileRef = 8AA14EFB1C195F4F00E7302E /* ToDoTasks.swift */; };
		8AA14F021C19639400E7302E /* MyTableViewCell.swift in Sources */ = {isa = PBXBuildFile; fileRef = 8AA14F011C19639400E7302E /* MyTableViewCell.swift */; };
/* End PBXBuildFile section */

/* Begin PBXFileReference section */
		8AA14EE21C195DF600E7302E /* ToDo App.app */ = {isa = PBXFileReference; explicitFileType = wrapper.application; includeInIndex = 0; path = "ToDo App.app"; sourceTree = BUILT_PRODUCTS_DIR; };
		8AA14EE51C195DF600E7302E /* AppDelegate.swift */ = {isa = PBXFileReference; lastKnownFileType = sourcecode.swift; path = AppDelegate.swift; sourceTree = "<group>"; };
		8AA14EE71C195DF600E7302E /* ViewController.swift */ = {isa = PBXFileReference; lastKnownFileType = sourcecode.swift; path = ViewController.swift; sourceTree = "<group>"; };
		8AA14EEA1C195DF600E7302E /* Base */ = {isa = PBXFileReference; lastKnownFileType = file.storyboard; name = Base; path = Base.lproj/Main.storyboard; sourceTree = "<group>"; };
		8AA14EEC1C195DF600E7302E /* Assets.xcassets */ = {isa = PBXFileReference; lastKnownFileType = folder.assetcatalog; path = Assets.xcassets; sourceTree = "<group>"; };
		8AA14EEF1C195DF600E7302E /* Base */ = {isa = PBXFileReference; lastKnownFileType = file.storyboard; name = Base; path = Base.lproj/LaunchScreen.storyboard; sourceTree = "<group>"; };
		8AA14EF11C195DF600E7302E /* Info.plist */ = {isa = PBXFileReference; lastKnownFileType = text.plist.xml; path = Info.plist; sourceTree = "<group>"; };
		8AA14EF71C195E8500E7302E /* ToDoTableViewController.swift */ = {isa = PBXFileReference; fileEncoding = 4; lastKnownFileType = sourcecode.swift; path = ToDoTableViewController.swift; sourceTree = "<group>"; };
		8AA14EFB1C195F4F00E7302E /* ToDoTasks.swift */ = {isa = PBXFileReference; fileEncoding = 4; lastKnownFileType = sourcecode.swift; name = ToDoTasks.swift; path = ../ToDoTasks.swift; sourceTree = "<group>"; };
		8AA14F011C19639400E7302E /* MyTableViewCell.swift */ = {isa = PBXFileReference; fileEncoding = 4; lastKnownFileType = sourcecode.swift; name = MyTableViewCell.swift; path = ../MyTableViewCell.swift; sourceTree = "<group>"; };
/* End PBXFileReference section */

/* Begin PBXFrameworksBuildPhase section */
		8AA14EDF1C195DF600E7302E /* Frameworks */ = {
			isa = PBXFrameworksBuildPhase;
			buildActionMask = 2147483647;
			files = (
			);
			runOnlyForDeploymentPostprocessing = 0;
		};
/* End PBXFrameworksBuildPhase section */

/* Begin PBXGroup section */
		8AA14ED91C195DF600E7302E = {
			isa = PBXGroup;
			children = (
				8AA14EE41C195DF600E7302E /* ToDo App */,
				8AA14EE31C195DF600E7302E /* Products */,
			);
			sourceTree = "<group>";
		};
		8AA14EE31C195DF600E7302E /* Products */ = {
			isa = PBXGroup;
			children = (
				8AA14EE21C195DF600E7302E /* ToDo App.app */,
			);
			name = Products;
			sourceTree = "<group>";
		};
		8AA14EE41C195DF600E7302E /* ToDo App */ = {
			isa = PBXGroup;
			children = (
				8AA14F011C19639400E7302E /* MyTableViewCell.swift */,
				8AA14EF71C195E8500E7302E /* ToDoTableViewController.swift */,
				8AA14EE51C195DF600E7302E /* AppDelegate.swift */,
				8AA14EE71C195DF600E7302E /* ViewController.swift */,
				8AA14EFB1C195F4F00E7302E /* ToDoTasks.swift */,
				8AA14EE91C195DF600E7302E /* Main.storyboard */,
				8AA14EEC1C195DF600E7302E /* Assets.xcassets */,
				8AA14EEE1C195DF600E7302E /* LaunchScreen.storyboard */,
				8AA14EF11C195DF600E7302E /* Info.plist */,
			);
			path = "ToDo App";
			sourceTree = "<group>";
		};
/* End PBXGroup section */

/* Begin PBXNativeTarget section */
		8AA14EE11C195DF600E7302E /* ToDo App */ = {
			isa = PBXNativeTarget;
			buildConfigurationList = 8AA14EF41C195DF600E7302E /* Build configuration list for PBXNativeTarget "ToDo App" */;
			buildPhases = (
				8AA14EDE1C195DF600E7302E /* Sources */,
				8AA14EDF1C195DF600E7302E /* Frameworks */,
				8AA14EE01C195DF600E7302E /* Resources */,
			);
			buildRules = (
			);
			dependencies = (
			);
			name = "ToDo App";
			productName = "ToDo App";
			productReference = 8AA14EE21C195DF600E7302E /* ToDo App.app */;
			productType = "com.apple.product-type.application";
		};
/* End PBXNativeTarget section */

/* Begin PBXProject section */
		8AA14EDA1C195DF600E7302E /* Project object */ = {
			isa = PBXProject;
			attributes = {
				LastSwiftUpdateCheck = 0710;
				LastUpgradeCheck = 0710;
				ORGANIZATIONNAME = "Brett J. Rapp";
				TargetAttributes = {
					8AA14EE11C195DF600E7302E = {
						CreatedOnToolsVersion = 7.1.1;
					};
				};
			};
			buildConfigurationList = 8AA14EDD1C195DF600E7302E /* Build configuration list for PBXProject "ToDo App" */;
			compatibilityVersion = "Xcode 3.2";
			developmentRegion = English;
			hasScannedForEncodings = 0;
			knownRegions = (
				en,
				Base,
			);
			mainGroup = 8AA14ED91C195DF600E7302E;
			productRefGroup = 8AA14EE31C195DF600E7302E /* Products */;
			projectDirPath = "";
			projectRoot = "";
			targets = (
				8AA14EE11C195DF600E7302E /* ToDo App */,
			);
		};
/* End PBXProject section */

/* Begin PBXResourcesBuildPhase section */
		8AA14EE01C195DF600E7302E /* Resources */ = {
			isa = PBXResourcesBuildPhase;
			buildActionMask = 2147483647;
			files = (
				8AA14EF01C195DF600E7302E /* LaunchScreen.storyboard in Resources */,
				8AA14EED1C195DF600E7302E /* Assets.xcassets in Resources */,
				8AA14EEB1C195DF600E7302E /* Main.storyboard in Resources */,
			);
			runOnlyForDeploymentPostprocessing = 0;
		};
/* End PBXResourcesBuildPhase section */

/* Begin PBXSourcesBuildPhase section */
		8AA14EDE1C195DF600E7302E /* Sources */ = {
			isa = PBXSourcesBuildPhase;
			buildActionMask = 2147483647;
			files = (
				8AA14EE81C195DF600E7302E /* ViewController.swift in Sources */,
				8AA14EF81C195E8500E7302E /* ToDoTableViewController.swift in Sources */,
				8AA14EFC1C195F4F00E7302E /* ToDoTasks.swift in Sources */,
				8AA14F021C19639400E7302E /* MyTableViewCell.swift in Sources */,
				8AA14EE61C195DF600E7302E /* AppDelegate.swift in Sources */,
			);
			runOnlyForDeploymentPostprocessing = 0;
		};
/* End PBXSourcesBuildPhase section */

/* Begin PBXVariantGroup section */
		8AA14EE91C195DF600E7302E /* Main.storyboard */ = {
			isa = PBXVariantGroup;
			children = (
				8AA14EEA1C195DF600E7302E /* Base */,
			);
			name = Main.storyboard;
			sourceTree = "<group>";
		};
		8AA14EEE1C195DF600E7302E /* LaunchScreen.storyboard */ = {
			isa = PBXVariantGroup;
			children = (
				8AA14EEF1C195DF600E7302E /* Base */,
			);
			name = LaunchScreen.storyboard;
			sourceTree = "<group>";
		};
/* End PBXVariantGroup section */

/* Begin XCBuildConfiguration section */
		8AA14EF21C195DF600E7302E /* Debug */ = {
			isa = XCBuildConfiguration;
			buildSettings = {
				ALWAYS_SEARCH_USER_PATHS = NO;
				CLANG_CXX_LANGUAGE_STANDARD = "gnu++0x";
				CLANG_CXX_LIBRARY = "libc++";
				CLANG_ENABLE_MODULES = YES;
				CLANG_ENABLE_OBJC_ARC = YES;
				CLANG_WARN_BOOL_CONVERSION = YES;
				CLANG_WARN_CONSTANT_CONVERSION = YES;
				CLANG_WARN_DIRECT_OBJC_ISA_USAGE = YES_ERROR;
				CLANG_WARN_EMPTY_BODY = YES;
				CLANG_WARN_ENUM_CONVERSION = YES;
				CLANG_WARN_INT_CONVERSION = YES;
				CLANG_WARN_OBJC_ROOT_CLASS = YES_ERROR;
				CLANG_WARN_UNREACHABLE_CODE = YES;
				CLANG_WARN__DUPLICATE_METHOD_MATCH = YES;
				"CODE_SIGN_IDENTITY[sdk=iphoneos*]" = "iPhone Developer";
				COPY_PHASE_STRIP = NO;
				DEBUG_INFORMATION_FORMAT = dwarf;
				ENABLE_STRICT_OBJC_MSGSEND = YES;
				ENABLE_TESTABILITY = YES;
				GCC_C_LANGUAGE_STANDARD = gnu99;
				GCC_DYNAMIC_NO_PIC = NO;
				GCC_NO_COMMON_BLOCKS = YES;
				GCC_OPTIMIZATION_LEVEL = 0;
				GCC_PREPROCESSOR_DEFINITIONS = (
					"DEBUG=1",
					"$(inherited)",
				);
				GCC_WARN_64_TO_32_BIT_CONVERSION = YES;
				GCC_WARN_ABOUT_RETURN_TYPE = YES_ERROR;
				GCC_WARN_UNDECLARED_SELECTOR = YES;
				GCC_WARN_UNINITIALIZED_AUTOS = YES_AGGRESSIVE;
				GCC_WARN_UNUSED_FUNCTION = YES;
				GCC_WARN_UNUSED_VARIABLE = YES;
				IPHONEOS_DEPLOYMENT_TARGET = 9.1;
				MTL_ENABLE_DEBUG_INFO = YES;
				ONLY_ACTIVE_ARCH = YES;
				SDKROOT = iphoneos;
				SWIFT_OPTIMIZATION_LEVEL = "-Onone";
			};
			name = Debug;
		};
		8AA14EF31C195DF600E7302E /* Release */ = {
			isa = XCBuildConfiguration;
			buildSettings = {
				ALWAYS_SEARCH_USER_PATHS = NO;
				CLANG_CXX_LANGUAGE_STANDARD = "gnu++0x";
				CLANG_CXX_LIBRARY = "libc++";
				CLANG_ENABLE_MODULES = YES;
				CLANG_ENABLE_OBJC_ARC = YES;
				CLANG_WARN_BOOL_CONVERSION = YES;
				CLANG_WARN_CONSTANT_CONVERSION = YES;
				CLANG_WARN_DIRECT_OBJC_ISA_USAGE = YES_ERROR;
				CLANG_WARN_EMPTY_BODY = YES;
				CLANG_WARN_ENUM_CONVERSION = YES;
				CLANG_WARN_INT_CONVERSION = YES;
				CLANG_WARN_OBJC_ROOT_CLASS = YES_ERROR;
				CLANG_WARN_UNREACHABLE_CODE = YES;
				CLANG_WARN__DUPLICATE_METHOD_MATCH = YES;
				"CODE_SIGN_IDENTITY[sdk=iphoneos*]" = "iPhone Developer";
				COPY_PHASE_STRIP = NO;
				DEBUG_INFORMATION_FORMAT = "dwarf-with-dsym";
				ENABLE_NS_ASSERTIONS = NO;
				ENABLE_STRICT_OBJC_MSGSEND = YES;
				GCC_C_LANGUAGE_STANDARD = gnu99;
				GCC_NO_COMMON_BLOCKS = YES;
				GCC_WARN_64_TO_32_BIT_CONVERSION = YES;
				GCC_WARN_ABOUT_RETURN_TYPE = YES_ERROR;
				GCC_WARN_UNDECLARED_SELECTOR = YES;
				GCC_WARN_UNINITIALIZED_AUTOS = YES_AGGRESSIVE;
				GCC_WARN_UNUSED_FUNCTION = YES;
				GCC_WARN_UNUSED_VARIABLE = YES;
				IPHONEOS_DEPLOYMENT_TARGET = 9.1;
				MTL_ENABLE_DEBUG_INFO = NO;
				SDKROOT = iphoneos;
				VALIDATE_PRODUCT = YES;
			};
			name = Release;
		};
		8AA14EF51C195DF600E7302E /* Debug */ = {
			isa = XCBuildConfiguration;
			buildSettings = {
				ASSETCATALOG_COMPILER_APPICON_NAME = AppIcon;
				INFOPLIST_FILE = "ToDo App/Info.plist";
				LD_RUNPATH_SEARCH_PATHS = "$(inherited) @executable_path/Frameworks";
				PRODUCT_BUNDLE_IDENTIFIER = "com.brettrapp.ToDo-App";
				PRODUCT_NAME = "$(TARGET_NAME)";
			};
			name = Debug;
		};
		8AA14EF61C195DF600E7302E /* Release */ = {
			isa = XCBuildConfiguration;
			buildSettings = {
				ASSETCATALOG_COMPILER_APPICON_NAME = AppIcon;
				INFOPLIST_FILE = "ToDo App/Info.plist";
				LD_RUNPATH_SEARCH_PATHS = "$(inherited) @executable_path/Frameworks";
				PRODUCT_BUNDLE_IDENTIFIER = "com.brettrapp.ToDo-App";
				PRODUCT_NAME = "$(TARGET_NAME)";
			};
			name = Release;
		};
/* End XCBuildConfiguration section */

/* Begin XCConfigurationList section */
		8AA14EDD1C195DF600E7302E /* Build configuration list for PBXProject "ToDo App" */ = {
			isa = XCConfigurationList;
			buildConfigurations = (
				8AA14EF21C195DF600E7302E /* Debug */,
				8AA14EF31C195DF600E7302E /* Release */,
			);
			defaultConfigurationIsVisible = 0;
			defaultConfigurationName = Release;
		};
		8AA14EF41C195DF600E7302E /* Build configuration list for PBXNativeTarget "ToDo App" */ = {
			isa = XCConfigurationList;
			buildConfigurations = (
				8AA14EF51C195DF600E7302E /* Debug */,
				8AA14EF61C195DF600E7302E /* Release */,
			);
			defaultConfigurationIsVisible = 0;
			defaultConfigurationName = Release;
		};
/* End XCConfigurationList section */
	};
	rootObject = 8AA14EDA1C195DF600E7302E /* Project object */;
}
