// !$*UTF8*$!
{
	archiveVersion = 1;
	classes = {
	};
	objectVersion = 46;
	objects = {

/* Begin PBXBuildFile section */
		BB4286D01BFF0FC2003F9FDD /* AppDelegate.swift in Sources */ = {isa = PBXBuildFile; fileRef = BB4286CF1BFF0FC2003F9FDD /* AppDelegate.swift */; };
		BB4286D21BFF0FC2003F9FDD /* ViewController.swift in Sources */ = {isa = PBXBuildFile; fileRef = BB4286D11BFF0FC2003F9FDD /* ViewController.swift */; };
		BB4286D51BFF0FC2003F9FDD /* Main.storyboard in Resources */ = {isa = PBXBuildFile; fileRef = BB4286D31BFF0FC2003F9FDD /* Main.storyboard */; };
		BB4286D71BFF0FC2003F9FDD /* Assets.xcassets in Resources */ = {isa = PBXBuildFile; fileRef = BB4286D61BFF0FC2003F9FDD /* Assets.xcassets */; };
		BB4286DA1BFF0FC2003F9FDD /* LaunchScreen.storyboard in Resources */ = {isa = PBXBuildFile; fileRef = BB4286D81BFF0FC2003F9FDD /* LaunchScreen.storyboard */; };
/* End PBXBuildFile section */

/* Begin PBXFileReference section */
		BB4286CC1BFF0FC2003F9FDD /* Assignment 2.app */ = {isa = PBXFileReference; explicitFileType = wrapper.application; includeInIndex = 0; path = "Assignment 2.app"; sourceTree = BUILT_PRODUCTS_DIR; };
		BB4286CF1BFF0FC2003F9FDD /* AppDelegate.swift */ = {isa = PBXFileReference; lastKnownFileType = sourcecode.swift; path = AppDelegate.swift; sourceTree = "<group>"; };
		BB4286D11BFF0FC2003F9FDD /* ViewController.swift */ = {isa = PBXFileReference; lastKnownFileType = sourcecode.swift; path = ViewController.swift; sourceTree = "<group>"; };
		BB4286D41BFF0FC2003F9FDD /* Base */ = {isa = PBXFileReference; lastKnownFileType = file.storyboard; name = Base; path = Base.lproj/Main.storyboard; sourceTree = "<group>"; };
		BB4286D61BFF0FC2003F9FDD /* Assets.xcassets */ = {isa = PBXFileReference; lastKnownFileType = folder.assetcatalog; path = Assets.xcassets; sourceTree = "<group>"; };
		BB4286D91BFF0FC2003F9FDD /* Base */ = {isa = PBXFileReference; lastKnownFileType = file.storyboard; name = Base; path = Base.lproj/LaunchScreen.storyboard; sourceTree = "<group>"; };
		BB4286DB1BFF0FC3003F9FDD /* Info.plist */ = {isa = PBXFileReference; lastKnownFileType = text.plist.xml; path = Info.plist; sourceTree = "<group>"; };
/* End PBXFileReference section */

/* Begin PBXFrameworksBuildPhase section */
		BB4286C91BFF0FC1003F9FDD /* Frameworks */ = {
			isa = PBXFrameworksBuildPhase;
			buildActionMask = 2147483647;
			files = (
			);
			runOnlyForDeploymentPostprocessing = 0;
		};
/* End PBXFrameworksBuildPhase section */

/* Begin PBXGroup section */
		BB4286C31BFF0FC1003F9FDD = {
			isa = PBXGroup;
			children = (
				BB4286CE1BFF0FC2003F9FDD /* Assignment 2 */,
				BB4286CD1BFF0FC2003F9FDD /* Products */,
			);
			sourceTree = "<group>";
		};
		BB4286CD1BFF0FC2003F9FDD /* Products */ = {
			isa = PBXGroup;
			children = (
				BB4286CC1BFF0FC2003F9FDD /* Assignment 2.app */,
			);
			name = Products;
			sourceTree = "<group>";
		};
		BB4286CE1BFF0FC2003F9FDD /* Assignment 2 */ = {
			isa = PBXGroup;
			children = (
				BB4286CF1BFF0FC2003F9FDD /* AppDelegate.swift */,
				BB4286D11BFF0FC2003F9FDD /* ViewController.swift */,
				BB4286D31BFF0FC2003F9FDD /* Main.storyboard */,
				BB4286D61BFF0FC2003F9FDD /* Assets.xcassets */,
				BB4286D81BFF0FC2003F9FDD /* LaunchScreen.storyboard */,
				BB4286DB1BFF0FC3003F9FDD /* Info.plist */,
			);
			path = "Assignment 2";
			sourceTree = "<group>";
		};
/* End PBXGroup section */

/* Begin PBXNativeTarget section */
		BB4286CB1BFF0FC1003F9FDD /* Assignment 2 */ = {
			isa = PBXNativeTarget;
			buildConfigurationList = BB4286DE1BFF0FC3003F9FDD /* Build configuration list for PBXNativeTarget "Assignment 2" */;
			buildPhases = (
				BB4286C81BFF0FC1003F9FDD /* Sources */,
				BB4286C91BFF0FC1003F9FDD /* Frameworks */,
				BB4286CA1BFF0FC1003F9FDD /* Resources */,
			);
			buildRules = (
			);
			dependencies = (
			);
			name = "Assignment 2";
			productName = "Assignment 2";
			productReference = BB4286CC1BFF0FC2003F9FDD /* Assignment 2.app */;
			productType = "com.apple.product-type.application";
		};
/* End PBXNativeTarget section */

/* Begin PBXProject section */
		BB4286C41BFF0FC1003F9FDD /* Project object */ = {
			isa = PBXProject;
			attributes = {
				LastSwiftUpdateCheck = 0710;
				LastUpgradeCheck = 0710;
				ORGANIZATIONNAME = SamWij;
				TargetAttributes = {
					BB4286CB1BFF0FC1003F9FDD = {
						CreatedOnToolsVersion = 7.1;
						DevelopmentTeam = Y62J5W2Y5D;
					};
				};
			};
			buildConfigurationList = BB4286C71BFF0FC1003F9FDD /* Build configuration list for PBXProject "Assignment 2" */;
			compatibilityVersion = "Xcode 3.2";
			developmentRegion = English;
			hasScannedForEncodings = 0;
			knownRegions = (
				en,
				Base,
			);
			mainGroup = BB4286C31BFF0FC1003F9FDD;
			productRefGroup = BB4286CD1BFF0FC2003F9FDD /* Products */;
			projectDirPath = "";
			projectRoot = "";
			targets = (
				BB4286CB1BFF0FC1003F9FDD /* Assignment 2 */,
			);
		};
/* End PBXProject section */

/* Begin PBXResourcesBuildPhase section */
		BB4286CA1BFF0FC1003F9FDD /* Resources */ = {
			isa = PBXResourcesBuildPhase;
			buildActionMask = 2147483647;
			files = (
				BB4286DA1BFF0FC2003F9FDD /* LaunchScreen.storyboard in Resources */,
				BB4286D71BFF0FC2003F9FDD /* Assets.xcassets in Resources */,
				BB4286D51BFF0FC2003F9FDD /* Main.storyboard in Resources */,
			);
			runOnlyForDeploymentPostprocessing = 0;
		};
/* End PBXResourcesBuildPhase section */

/* Begin PBXSourcesBuildPhase section */
		BB4286C81BFF0FC1003F9FDD /* Sources */ = {
			isa = PBXSourcesBuildPhase;
			buildActionMask = 2147483647;
			files = (
				BB4286D21BFF0FC2003F9FDD /* ViewController.swift in Sources */,
				BB4286D01BFF0FC2003F9FDD /* AppDelegate.swift in Sources */,
			);
			runOnlyForDeploymentPostprocessing = 0;
		};
/* End PBXSourcesBuildPhase section */

/* Begin PBXVariantGroup section */
		BB4286D31BFF0FC2003F9FDD /* Main.storyboard */ = {
			isa = PBXVariantGroup;
			children = (
				BB4286D41BFF0FC2003F9FDD /* Base */,
			);
			name = Main.storyboard;
			sourceTree = "<group>";
		};
		BB4286D81BFF0FC2003F9FDD /* LaunchScreen.storyboard */ = {
			isa = PBXVariantGroup;
			children = (
				BB4286D91BFF0FC2003F9FDD /* Base */,
			);
			name = LaunchScreen.storyboard;
			sourceTree = "<group>";
		};
/* End PBXVariantGroup section */

/* Begin XCBuildConfiguration section */
		BB4286DC1BFF0FC3003F9FDD /* Debug */ = {
			isa = XCBuildConfiguration;
			buildSettings = {
				ALWAYS_SEARCH_USER_PATHS = NO;
				CLANG_CXX_LANGUAGE_STANDARD = "gnu++0x";
				CLANG_CXX_LIBRARY = "libc++";
				CLANG_ENABLE_MODULES = YES;
				CLANG_ENABLE_OBJC_ARC = YES;
				CLANG_WARN_BOOL_CONVERSION = YES;
				CLANG_WARN_CONSTANT_CONVERSION = YES;
				CLANG_WARN_DIRECT_OBJC_ISA_USAGE = YES_ERROR;
				CLANG_WARN_EMPTY_BODY = YES;
				CLANG_WARN_ENUM_CONVERSION = YES;
				CLANG_WARN_INT_CONVERSION = YES;
				CLANG_WARN_OBJC_ROOT_CLASS = YES_ERROR;
				CLANG_WARN_UNREACHABLE_CODE = YES;
				CLANG_WARN__DUPLICATE_METHOD_MATCH = YES;
				"CODE_SIGN_IDENTITY[sdk=iphoneos*]" = "iPhone Developer";
				COPY_PHASE_STRIP = NO;
				DEBUG_INFORMATION_FORMAT = dwarf;
				ENABLE_STRICT_OBJC_MSGSEND = YES;
				ENABLE_TESTABILITY = YES;
				GCC_C_LANGUAGE_STANDARD = gnu99;
				GCC_DYNAMIC_NO_PIC = NO;
				GCC_NO_COMMON_BLOCKS = YES;
				GCC_OPTIMIZATION_LEVEL = 0;
				GCC_PREPROCESSOR_DEFINITIONS = (
					"DEBUG=1",
					"$(inherited)",
				);
				GCC_WARN_64_TO_32_BIT_CONVERSION = YES;
				GCC_WARN_ABOUT_RETURN_TYPE = YES_ERROR;
				GCC_WARN_UNDECLARED_SELECTOR = YES;
				GCC_WARN_UNINITIALIZED_AUTOS = YES_AGGRESSIVE;
				GCC_WARN_UNUSED_FUNCTION = YES;
				GCC_WARN_UNUSED_VARIABLE = YES;
				IPHONEOS_DEPLOYMENT_TARGET = 9.1;
				MTL_ENABLE_DEBUG_INFO = YES;
				ONLY_ACTIVE_ARCH = YES;
				SDKROOT = iphoneos;
				SWIFT_OPTIMIZATION_LEVEL = "-Onone";
			};
			name = Debug;
		};
		BB4286DD1BFF0FC3003F9FDD /* Release */ = {
			isa = XCBuildConfiguration;
			buildSettings = {
				ALWAYS_SEARCH_USER_PATHS = NO;
				CLANG_CXX_LANGUAGE_STANDARD = "gnu++0x";
				CLANG_CXX_LIBRARY = "libc++";
				CLANG_ENABLE_MODULES = YES;
				CLANG_ENABLE_OBJC_ARC = YES;
				CLANG_WARN_BOOL_CONVERSION = YES;
				CLANG_WARN_CONSTANT_CONVERSION = YES;
				CLANG_WARN_DIRECT_OBJC_ISA_USAGE = YES_ERROR;
				CLANG_WARN_EMPTY_BODY = YES;
				CLANG_WARN_ENUM_CONVERSION = YES;
				CLANG_WARN_INT_CONVERSION = YES;
				CLANG_WARN_OBJC_ROOT_CLASS = YES_ERROR;
				CLANG_WARN_UNREACHABLE_CODE = YES;
				CLANG_WARN__DUPLICATE_METHOD_MATCH = YES;
				"CODE_SIGN_IDENTITY[sdk=iphoneos*]" = "iPhone Developer";
				COPY_PHASE_STRIP = NO;
				DEBUG_INFORMATION_FORMAT = "dwarf-with-dsym";
				ENABLE_NS_ASSERTIONS = NO;
				ENABLE_STRICT_OBJC_MSGSEND = YES;
				GCC_C_LANGUAGE_STANDARD = gnu99;
				GCC_NO_COMMON_BLOCKS = YES;
				GCC_WARN_64_TO_32_BIT_CONVERSION = YES;
				GCC_WARN_ABOUT_RETURN_TYPE = YES_ERROR;
				GCC_WARN_UNDECLARED_SELECTOR = YES;
				GCC_WARN_UNINITIALIZED_AUTOS = YES_AGGRESSIVE;
				GCC_WARN_UNUSED_FUNCTION = YES;
				GCC_WARN_UNUSED_VARIABLE = YES;
				IPHONEOS_DEPLOYMENT_TARGET = 9.1;
				MTL_ENABLE_DEBUG_INFO = NO;
				SDKROOT = iphoneos;
				VALIDATE_PRODUCT = YES;
			};
			name = Release;
		};
		BB4286DF1BFF0FC3003F9FDD /* Debug */ = {
			isa = XCBuildConfiguration;
			buildSettings = {
				ASSETCATALOG_COMPILER_APPICON_NAME = AppIcon;
				INFOPLIST_FILE = "Assignment 2/Info.plist";
				LD_RUNPATH_SEARCH_PATHS = "$(inherited) @executable_path/Frameworks";
				PRODUCT_BUNDLE_IDENTIFIER = "com.yourcompany.Assignment-2";
				PRODUCT_NAME = "$(TARGET_NAME)";
			};
			name = Debug;
		};
		BB4286E01BFF0FC3003F9FDD /* Release */ = {
			isa = XCBuildConfiguration;
			buildSettings = {
				ASSETCATALOG_COMPILER_APPICON_NAME = AppIcon;
				INFOPLIST_FILE = "Assignment 2/Info.plist";
				LD_RUNPATH_SEARCH_PATHS = "$(inherited) @executable_path/Frameworks";
				PRODUCT_BUNDLE_IDENTIFIER = "com.yourcompany.Assignment-2";
				PRODUCT_NAME = "$(TARGET_NAME)";
			};
			name = Release;
		};
/* End XCBuildConfiguration section */

/* Begin XCConfigurationList section */
		BB4286C71BFF0FC1003F9FDD /* Build configuration list for PBXProject "Assignment 2" */ = {
			isa = XCConfigurationList;
			buildConfigurations = (
				BB4286DC1BFF0FC3003F9FDD /* Debug */,
				BB4286DD1BFF0FC3003F9FDD /* Release */,
			);
			defaultConfigurationIsVisible = 0;
			defaultConfigurationName = Release;
		};
		BB4286DE1BFF0FC3003F9FDD /* Build configuration list for PBXNativeTarget "Assignment 2" */ = {
			isa = XCConfigurationList;
			buildConfigurations = (
				BB4286DF1BFF0FC3003F9FDD /* Debug */,
				BB4286E01BFF0FC3003F9FDD /* Release */,
			);
			defaultConfigurationIsVisible = 0;
		};
/* End XCConfigurationList section */
	};
	rootObject = BB4286C41BFF0FC1003F9FDD /* Project object */;
}
