// !$*UTF8*$!
{
	archiveVersion = 1;
	classes = {
	};
	objectVersion = 46;
	objects = {

/* Begin PBXBuildFile section */
		BB792A6D1C1030B5004A2B70 /* AppDelegate.swift in Sources */ = {isa = PBXBuildFile; fileRef = BB792A6C1C1030B5004A2B70 /* AppDelegate.swift */; };
		BB792A721C1030B5004A2B70 /* Main.storyboard in Resources */ = {isa = PBXBuildFile; fileRef = BB792A701C1030B5004A2B70 /* Main.storyboard */; };
		BB792A741C1030B5004A2B70 /* Assets.xcassets in Resources */ = {isa = PBXBuildFile; fileRef = BB792A731C1030B5004A2B70 /* Assets.xcassets */; };
		BB792A771C1030B5004A2B70 /* LaunchScreen.storyboard in Resources */ = {isa = PBXBuildFile; fileRef = BB792A751C1030B5004A2B70 /* LaunchScreen.storyboard */; };
		BB792A811C1031E1004A2B70 /* MyTableViewController.swift in Sources */ = {isa = PBXBuildFile; fileRef = BB792A801C1031E1004A2B70 /* MyTableViewController.swift */; };
/* End PBXBuildFile section */

/* Begin PBXFileReference section */
		BB792A691C1030B5004A2B70 /* TableViews.app */ = {isa = PBXFileReference; explicitFileType = wrapper.application; includeInIndex = 0; path = TableViews.app; sourceTree = BUILT_PRODUCTS_DIR; };
		BB792A6C1C1030B5004A2B70 /* AppDelegate.swift */ = {isa = PBXFileReference; lastKnownFileType = sourcecode.swift; path = AppDelegate.swift; sourceTree = "<group>"; };
		BB792A711C1030B5004A2B70 /* Base */ = {isa = PBXFileReference; lastKnownFileType = file.storyboard; name = Base; path = Base.lproj/Main.storyboard; sourceTree = "<group>"; };
		BB792A731C1030B5004A2B70 /* Assets.xcassets */ = {isa = PBXFileReference; lastKnownFileType = folder.assetcatalog; path = Assets.xcassets; sourceTree = "<group>"; };
		BB792A761C1030B5004A2B70 /* Base */ = {isa = PBXFileReference; lastKnownFileType = file.storyboard; name = Base; path = Base.lproj/LaunchScreen.storyboard; sourceTree = "<group>"; };
		BB792A781C1030B5004A2B70 /* Info.plist */ = {isa = PBXFileReference; lastKnownFileType = text.plist.xml; path = Info.plist; sourceTree = "<group>"; };
		BB792A801C1031E1004A2B70 /* MyTableViewController.swift */ = {isa = PBXFileReference; fileEncoding = 4; lastKnownFileType = sourcecode.swift; name = MyTableViewController.swift; path = ../MyTableViewController.swift; sourceTree = "<group>"; };
/* End PBXFileReference section */

/* Begin PBXFrameworksBuildPhase section */
		BB792A661C1030B5004A2B70 /* Frameworks */ = {
			isa = PBXFrameworksBuildPhase;
			buildActionMask = 2147483647;
			files = (
			);
			runOnlyForDeploymentPostprocessing = 0;
		};
/* End PBXFrameworksBuildPhase section */

/* Begin PBXGroup section */
		BB792A601C1030B5004A2B70 = {
			isa = PBXGroup;
			children = (
				BB792A6B1C1030B5004A2B70 /* TableViews */,
				BB792A6A1C1030B5004A2B70 /* Products */,
			);
			sourceTree = "<group>";
		};
		BB792A6A1C1030B5004A2B70 /* Products */ = {
			isa = PBXGroup;
			children = (
				BB792A691C1030B5004A2B70 /* TableViews.app */,
			);
			name = Products;
			sourceTree = "<group>";
		};
		BB792A6B1C1030B5004A2B70 /* TableViews */ = {
			isa = PBXGroup;
			children = (
				BB792A6C1C1030B5004A2B70 /* AppDelegate.swift */,
				BB792A701C1030B5004A2B70 /* Main.storyboard */,
				BB792A801C1031E1004A2B70 /* MyTableViewController.swift */,
				BB792A731C1030B5004A2B70 /* Assets.xcassets */,
				BB792A751C1030B5004A2B70 /* LaunchScreen.storyboard */,
				BB792A781C1030B5004A2B70 /* Info.plist */,
			);
			path = TableViews;
			sourceTree = "<group>";
		};
/* End PBXGroup section */

/* Begin PBXNativeTarget section */
		BB792A681C1030B5004A2B70 /* TableViews */ = {
			isa = PBXNativeTarget;
			buildConfigurationList = BB792A7B1C1030B5004A2B70 /* Build configuration list for PBXNativeTarget "TableViews" */;
			buildPhases = (
				BB792A651C1030B5004A2B70 /* Sources */,
				BB792A661C1030B5004A2B70 /* Frameworks */,
				BB792A671C1030B5004A2B70 /* Resources */,
			);
			buildRules = (
			);
			dependencies = (
			);
			name = TableViews;
			productName = TableViews;
			productReference = BB792A691C1030B5004A2B70 /* TableViews.app */;
			productType = "com.apple.product-type.application";
		};
/* End PBXNativeTarget section */

/* Begin PBXProject section */
		BB792A611C1030B5004A2B70 /* Project object */ = {
			isa = PBXProject;
			attributes = {
				LastSwiftUpdateCheck = 0710;
				LastUpgradeCheck = 0710;
				ORGANIZATIONNAME = SamWij;
				TargetAttributes = {
					BB792A681C1030B5004A2B70 = {
						CreatedOnToolsVersion = 7.1.1;
						DevelopmentTeam = Y62J5W2Y5D;
					};
				};
			};
			buildConfigurationList = BB792A641C1030B5004A2B70 /* Build configuration list for PBXProject "TableViews" */;
			compatibilityVersion = "Xcode 3.2";
			developmentRegion = English;
			hasScannedForEncodings = 0;
			knownRegions = (
				en,
				Base,
			);
			mainGroup = BB792A601C1030B5004A2B70;
			productRefGroup = BB792A6A1C1030B5004A2B70 /* Products */;
			projectDirPath = "";
			projectRoot = "";
			targets = (
				BB792A681C1030B5004A2B70 /* TableViews */,
			);
		};
/* End PBXProject section */

/* Begin PBXResourcesBuildPhase section */
		BB792A671C1030B5004A2B70 /* Resources */ = {
			isa = PBXResourcesBuildPhase;
			buildActionMask = 2147483647;
			files = (
				BB792A771C1030B5004A2B70 /* LaunchScreen.storyboard in Resources */,
				BB792A741C1030B5004A2B70 /* Assets.xcassets in Resources */,
				BB792A721C1030B5004A2B70 /* Main.storyboard in Resources */,
			);
			runOnlyForDeploymentPostprocessing = 0;
		};
/* End PBXResourcesBuildPhase section */

/* Begin PBXSourcesBuildPhase section */
		BB792A651C1030B5004A2B70 /* Sources */ = {
			isa = PBXSourcesBuildPhase;
			buildActionMask = 2147483647;
			files = (
				BB792A6D1C1030B5004A2B70 /* AppDelegate.swift in Sources */,
				BB792A811C1031E1004A2B70 /* MyTableViewController.swift in Sources */,
			);
			runOnlyForDeploymentPostprocessing = 0;
		};
/* End PBXSourcesBuildPhase section */

/* Begin PBXVariantGroup section */
		BB792A701C1030B5004A2B70 /* Main.storyboard */ = {
			isa = PBXVariantGroup;
			children = (
				BB792A711C1030B5004A2B70 /* Base */,
			);
			name = Main.storyboard;
			sourceTree = "<group>";
		};
		BB792A751C1030B5004A2B70 /* LaunchScreen.storyboard */ = {
			isa = PBXVariantGroup;
			children = (
				BB792A761C1030B5004A2B70 /* Base */,
			);
			name = LaunchScreen.storyboard;
			sourceTree = "<group>";
		};
/* End PBXVariantGroup section */

/* Begin XCBuildConfiguration section */
		BB792A791C1030B5004A2B70 /* Debug */ = {
			isa = XCBuildConfiguration;
			buildSettings = {
				ALWAYS_SEARCH_USER_PATHS = NO;
				CLANG_CXX_LANGUAGE_STANDARD = "gnu++0x";
				CLANG_CXX_LIBRARY = "libc++";
				CLANG_ENABLE_MODULES = YES;
				CLANG_ENABLE_OBJC_ARC = YES;
				CLANG_WARN_BOOL_CONVERSION = YES;
				CLANG_WARN_CONSTANT_CONVERSION = YES;
				CLANG_WARN_DIRECT_OBJC_ISA_USAGE = YES_ERROR;
				CLANG_WARN_EMPTY_BODY = YES;
				CLANG_WARN_ENUM_CONVERSION = YES;
				CLANG_WARN_INT_CONVERSION = YES;
				CLANG_WARN_OBJC_ROOT_CLASS = YES_ERROR;
				CLANG_WARN_UNREACHABLE_CODE = YES;
				CLANG_WARN__DUPLICATE_METHOD_MATCH = YES;
				"CODE_SIGN_IDENTITY[sdk=iphoneos*]" = "iPhone Developer";
				COPY_PHASE_STRIP = NO;
				DEBUG_INFORMATION_FORMAT = dwarf;
				ENABLE_STRICT_OBJC_MSGSEND = YES;
				ENABLE_TESTABILITY = YES;
				GCC_C_LANGUAGE_STANDARD = gnu99;
				GCC_DYNAMIC_NO_PIC = NO;
				GCC_NO_COMMON_BLOCKS = YES;
				GCC_OPTIMIZATION_LEVEL = 0;
				GCC_PREPROCESSOR_DEFINITIONS = (
					"DEBUG=1",
					"$(inherited)",
				);
				GCC_WARN_64_TO_32_BIT_CONVERSION = YES;
				GCC_WARN_ABOUT_RETURN_TYPE = YES_ERROR;
				GCC_WARN_UNDECLARED_SELECTOR = YES;
				GCC_WARN_UNINITIALIZED_AUTOS = YES_AGGRESSIVE;
				GCC_WARN_UNUSED_FUNCTION = YES;
				GCC_WARN_UNUSED_VARIABLE = YES;
				IPHONEOS_DEPLOYMENT_TARGET = 9.1;
				MTL_ENABLE_DEBUG_INFO = YES;
				ONLY_ACTIVE_ARCH = YES;
				SDKROOT = iphoneos;
				SWIFT_OPTIMIZATION_LEVEL = "-Onone";
			};
			name = Debug;
		};
		BB792A7A1C1030B5004A2B70 /* Release */ = {
			isa = XCBuildConfiguration;
			buildSettings = {
				ALWAYS_SEARCH_USER_PATHS = NO;
				CLANG_CXX_LANGUAGE_STANDARD = "gnu++0x";
				CLANG_CXX_LIBRARY = "libc++";
				CLANG_ENABLE_MODULES = YES;
				CLANG_ENABLE_OBJC_ARC = YES;
				CLANG_WARN_BOOL_CONVERSION = YES;
				CLANG_WARN_CONSTANT_CONVERSION = YES;
				CLANG_WARN_DIRECT_OBJC_ISA_USAGE = YES_ERROR;
				CLANG_WARN_EMPTY_BODY = YES;
				CLANG_WARN_ENUM_CONVERSION = YES;
				CLANG_WARN_INT_CONVERSION = YES;
				CLANG_WARN_OBJC_ROOT_CLASS = YES_ERROR;
				CLANG_WARN_UNREACHABLE_CODE = YES;
				CLANG_WARN__DUPLICATE_METHOD_MATCH = YES;
				"CODE_SIGN_IDENTITY[sdk=iphoneos*]" = "iPhone Developer";
				COPY_PHASE_STRIP = NO;
				DEBUG_INFORMATION_FORMAT = "dwarf-with-dsym";
				ENABLE_NS_ASSERTIONS = NO;
				ENABLE_STRICT_OBJC_MSGSEND = YES;
				GCC_C_LANGUAGE_STANDARD = gnu99;
				GCC_NO_COMMON_BLOCKS = YES;
				GCC_WARN_64_TO_32_BIT_CONVERSION = YES;
				GCC_WARN_ABOUT_RETURN_TYPE = YES_ERROR;
				GCC_WARN_UNDECLARED_SELECTOR = YES;
				GCC_WARN_UNINITIALIZED_AUTOS = YES_AGGRESSIVE;
				GCC_WARN_UNUSED_FUNCTION = YES;
				GCC_WARN_UNUSED_VARIABLE = YES;
				IPHONEOS_DEPLOYMENT_TARGET = 9.1;
				MTL_ENABLE_DEBUG_INFO = NO;
				SDKROOT = iphoneos;
				VALIDATE_PRODUCT = YES;
			};
			name = Release;
		};
		BB792A7C1C1030B5004A2B70 /* Debug */ = {
			isa = XCBuildConfiguration;
			buildSettings = {
				ASSETCATALOG_COMPILER_APPICON_NAME = AppIcon;
				INFOPLIST_FILE = TableViews/Info.plist;
				LD_RUNPATH_SEARCH_PATHS = "$(inherited) @executable_path/Frameworks";
				PRODUCT_BUNDLE_IDENTIFIER = com.yourcompany.TableViews;
				PRODUCT_NAME = "$(TARGET_NAME)";
			};
			name = Debug;
		};
		BB792A7D1C1030B5004A2B70 /* Release */ = {
			isa = XCBuildConfiguration;
			buildSettings = {
				ASSETCATALOG_COMPILER_APPICON_NAME = AppIcon;
				INFOPLIST_FILE = TableViews/Info.plist;
				LD_RUNPATH_SEARCH_PATHS = "$(inherited) @executable_path/Frameworks";
				PRODUCT_BUNDLE_IDENTIFIER = com.yourcompany.TableViews;
				PRODUCT_NAME = "$(TARGET_NAME)";
			};
			name = Release;
		};
/* End XCBuildConfiguration section */

/* Begin XCConfigurationList section */
		BB792A641C1030B5004A2B70 /* Build configuration list for PBXProject "TableViews" */ = {
			isa = XCConfigurationList;
			buildConfigurations = (
				BB792A791C1030B5004A2B70 /* Debug */,
				BB792A7A1C1030B5004A2B70 /* Release */,
			);
			defaultConfigurationIsVisible = 0;
			defaultConfigurationName = Release;
		};
		BB792A7B1C1030B5004A2B70 /* Build configuration list for PBXNativeTarget "TableViews" */ = {
			isa = XCConfigurationList;
			buildConfigurations = (
				BB792A7C1C1030B5004A2B70 /* Debug */,
				BB792A7D1C1030B5004A2B70 /* Release */,
			);
			defaultConfigurationIsVisible = 0;
		};
/* End XCConfigurationList section */
	};
	rootObject = BB792A611C1030B5004A2B70 /* Project object */;
}
